// !$*UTF8*$!
{
	archiveVersion = 1;
	classes = {
	};
	objectVersion = 77;
	objects = {

/* Begin PBXBuildFile section */
		1042906B2F0004EE003BB7B4 /* AppAuth in Frameworks */ = {isa = PBXBuildFile; productRef = 1042906A2F0004EE003BB7B4 /* AppAuth */; };
		1042906D2F0004EE003BB7B4 /* AppAuthCore in Frameworks */ = {isa = PBXBuildFile; productRef = 1042906C2F0004EE003BB7B4 /* AppAuthCore */; };
		1042906F2F0004EE003BB7B4 /* AppAuthTV in Frameworks */ = {isa = PBXBuildFile; productRef = 1042906E2F0004EE003BB7B4 /* AppAuthTV */; };
		104604CC2EBB1446004D0557 /* GoogleSignIn in Frameworks */ = {isa = PBXBuildFile; productRef = 104604CB2EBB1446004D0557 /* GoogleSignIn */; };
		104604CE2EBB1446004D0557 /* GoogleSignInSwift in Frameworks */ = {isa = PBXBuildFile; productRef = 104604CD2EBB1446004D0557 /* GoogleSignInSwift */; };
		10B43B762EF922970040610A /* SwiftLAME in Frameworks */ = {isa = PBXBuildFile; productRef = 10B43B752EF922970040610A /* SwiftLAME */; };
		9A5AFD7B2DDC35EC00B785BE /* RoomPlan.framework in Frameworks */ = {isa = PBXBuildFile; fileRef = 9A5AFD7A2DDC35EC00B785BE /* RoomPlan.framework */; };
		9A6A3D622E8BC3FC00924422 /* SocketIO in Frameworks */ = {isa = PBXBuildFile; productRef = 9A6A3D612E8BC3FC00924422 /* SocketIO */; };
		9A6D930C2E574609009B2808 /* ARKit.framework in Frameworks */ = {isa = PBXBuildFile; fileRef = 9ABD247C2DA57617003A5A22 /* ARKit.framework */; };
		9A6D93102E5746AC009B2808 /* RealityKit.framework in Frameworks */ = {isa = PBXBuildFile; fileRef = 9A6D930F2E5746AC009B2808 /* RealityKit.framework */; };
		9A78A3142D8A7E4100F01E0D /* SDWebImageSwiftUI in Frameworks */ = {isa = PBXBuildFile; productRef = 9A78A3132D8A7E4100F01E0D /* SDWebImageSwiftUI */; };
		9A87FD1C2E69B49600C02EEE /* WebRTC in Frameworks */ = {isa = PBXBuildFile; productRef = 9A87FD1B2E69B49600C02EEE /* WebRTC */; };
		9A9D0CE62DD30B6900A8C1B3 /* FocusEntity in Frameworks */ = {isa = PBXBuildFile; productRef = 9A9D0CE52DD30B6900A8C1B3 /* FocusEntity */; };
		9ABFFE3B2D6F20AF00FCA582 /* modela.usdz in Resources */ = {isa = PBXBuildFile; fileRef = 9ABFFE3A2D6F20AF00FCA582 /* modela.usdz */; };
		9ABFFE502D6F38BC00FCA582 /* Bulbs.usdz in Resources */ = {isa = PBXBuildFile; fileRef = 9ABFFE4F2D6F38BC00FCA582 /* Bulbs.usdz */; };
		9ACC85E72D731F33009F2DD5 /* README.md in Resources */ = {isa = PBXBuildFile; fileRef = 9ACC85E62D731F23009F2DD5 /* README.md */; };
		9ADA72EC2D6DD73C0044A7CF /* Amenti-Medium.ttf in Resources */ = {isa = PBXBuildFile; fileRef = 9ADA72D22D6DD73C0044A7CF /* Amenti-Medium.ttf */; };
		9ADA72ED2D6DD73C0044A7CF /* Poppins-Light.ttf in Resources */ = {isa = PBXBuildFile; fileRef = 9ADA72E22D6DD73C0044A7CF /* Poppins-Light.ttf */; };
		9ADA72EE2D6DD73C0044A7CF /* Poppins-ExtraLight.ttf in Resources */ = {isa = PBXBuildFile; fileRef = 9ADA72DF2D6DD73C0044A7CF /* Poppins-ExtraLight.ttf */; };
		9ADA72EF2D6DD73C0044A7CF /* info.txt in Resources */ = {isa = PBXBuildFile; fileRef = 9ADA72D72D6DD73C0044A7CF /* info.txt */; };
		9ADA72F02D6DD73C0044A7CF /* Poppins-SemiBold.ttf in Resources */ = {isa = PBXBuildFile; fileRef = 9ADA72E72D6DD73C0044A7CF /* Poppins-SemiBold.ttf */; };
		9ADA72F12D6DD73C0044A7CF /* Amenti-Thin.otf in Resources */ = {isa = PBXBuildFile; fileRef = 9ADA72D52D6DD73C0044A7CF /* Amenti-Thin.otf */; };
		9ADA72F22D6DD73C0044A7CF /* Amenti-Black.ttf in Resources */ = {isa = PBXBuildFile; fileRef = 9ADA72D02D6DD73C0044A7CF /* Amenti-Black.ttf */; };
		9ADA72F32D6DD73C0044A7CF /* Amenti-Regular.otf in Resources */ = {isa = PBXBuildFile; fileRef = 9ADA72D32D6DD73C0044A7CF /* Amenti-Regular.otf */; };
		9ADA72F42D6DD73C0044A7CF /* Poppins-MediumItalic.ttf in Resources */ = {isa = PBXBuildFile; fileRef = 9ADA72E52D6DD73C0044A7CF /* Poppins-MediumItalic.ttf */; };
		9ADA72F52D6DD73C0044A7CF /* Poppins-Thin.ttf in Resources */ = {isa = PBXBuildFile; fileRef = 9ADA72E92D6DD73C0044A7CF /* Poppins-Thin.ttf */; };
		9ADA72F62D6DD73C0044A7CF /* Poppins-Regular.ttf in Resources */ = {isa = PBXBuildFile; fileRef = 9ADA72E62D6DD73C0044A7CF /* Poppins-Regular.ttf */; };
		9ADA72F72D6DD73C0044A7CF /* Amenti-Light.otf in Resources */ = {isa = PBXBuildFile; fileRef = 9ADA72D42D6DD73C0044A7CF /* Amenti-Light.otf */; };
		9ADA72F82D6DD73C0044A7CF /* Amenti-Bold.ttf in Resources */ = {isa = PBXBuildFile; fileRef = 9ADA72D12D6DD73C0044A7CF /* Amenti-Bold.ttf */; };
		9ADA72F92D6DD73C0044A7CF /* Poppins-ExtraBoldItalic.ttf in Resources */ = {isa = PBXBuildFile; fileRef = 9ADA72DE2D6DD73C0044A7CF /* Poppins-ExtraBoldItalic.ttf */; };
		9ADA72FA2D6DD73C0044A7CF /* Poppins-LightItalic.ttf in Resources */ = {isa = PBXBuildFile; fileRef = 9ADA72E32D6DD73C0044A7CF /* Poppins-LightItalic.ttf */; };
		9ADA72FB2D6DD73C0044A7CF /* Poppins-BlackItalic.ttf in Resources */ = {isa = PBXBuildFile; fileRef = 9ADA72DA2D6DD73C0044A7CF /* Poppins-BlackItalic.ttf */; };
		9ADA72FC2D6DD73C0044A7CF /* Amenti-Vf.ttf in Resources */ = {isa = PBXBuildFile; fileRef = 9ADA72D62D6DD73C0044A7CF /* Amenti-Vf.ttf */; };
		9ADA72FD2D6DD73C0044A7CF /* Poppins-Italic.ttf in Resources */ = {isa = PBXBuildFile; fileRef = 9ADA72E12D6DD73C0044A7CF /* Poppins-Italic.ttf */; };
		9ADA72FE2D6DD73C0044A7CF /* Poppins-ExtraBold.ttf in Resources */ = {isa = PBXBuildFile; fileRef = 9ADA72DD2D6DD73C0044A7CF /* Poppins-ExtraBold.ttf */; };
		9ADA72FF2D6DD73C0044A7CF /* Poppins-ExtraLightItalic.ttf in Resources */ = {isa = PBXBuildFile; fileRef = 9ADA72E02D6DD73C0044A7CF /* Poppins-ExtraLightItalic.ttf */; };
		9ADA73002D6DD73C0044A7CF /* Poppins-ThinItalic.ttf in Resources */ = {isa = PBXBuildFile; fileRef = 9ADA72EA2D6DD73C0044A7CF /* Poppins-ThinItalic.ttf */; };
		9ADA73012D6DD73C0044A7CF /* Poppins-Black.ttf in Resources */ = {isa = PBXBuildFile; fileRef = 9ADA72D92D6DD73C0044A7CF /* Poppins-Black.ttf */; };
		9ADA73022D6DD73C0044A7CF /* Poppins-SemiBoldItalic.ttf in Resources */ = {isa = PBXBuildFile; fileRef = 9ADA72E82D6DD73C0044A7CF /* Poppins-SemiBoldItalic.ttf */; };
		9ADA73032D6DD73C0044A7CF /* Poppins-BoldItalic.ttf in Resources */ = {isa = PBXBuildFile; fileRef = 9ADA72DC2D6DD73C0044A7CF /* Poppins-BoldItalic.ttf */; };
		9ADA73042D6DD73C0044A7CF /* OFL.txt in Resources */ = {isa = PBXBuildFile; fileRef = 9ADA72D82D6DD73C0044A7CF /* OFL.txt */; };
		9ADA73052D6DD73C0044A7CF /* Poppins-Bold.ttf in Resources */ = {isa = PBXBuildFile; fileRef = 9ADA72DB2D6DD73C0044A7CF /* Poppins-Bold.ttf */; };
		9ADA73062D6DD73C0044A7CF /* Poppins-Medium.ttf in Resources */ = {isa = PBXBuildFile; fileRef = 9ADA72E42D6DD73C0044A7CF /* Poppins-Medium.ttf */; };
		9AF2B1BC2D7D59A1003D366D /* FLAnimatedImage in Frameworks */ = {isa = PBXBuildFile; productRef = 9AF2B1BB2D7D59A1003D366D /* FLAnimatedImage */; };
		9AF3A3AB2DA58E8E004EADAA /* Metal.framework in Frameworks */ = {isa = PBXBuildFile; fileRef = 9AF3A3AA2DA58E8E004EADAA /* Metal.framework */; };
		F0D4FABE48D85AE338C5F153 /* Pods_Limi.framework in Frameworks */ = {isa = PBXBuildFile; fileRef = B57549563DDD14E44449F681 /* Pods_Limi.framework */; };
/* End PBXBuildFile section */

/* Begin PBXBuildRule section */
		9A5167052E30FB660054AE83 /* PBXBuildRule */ = {
			isa = PBXBuildRule;
			compilerSpec = com.apple.compilers.proxy.script;
			fileType = folder.rkassets;
			inputFiles = (
			);
			isEditable = 1;
			outputFiles = (
			);
			script = "# realitytool\n";
		};
/* End PBXBuildRule section */

/* Begin PBXFileReference section */
		26CAF47D956ADE8C97D67273 /* Pods-Limi.release.xcconfig */ = {isa = PBXFileReference; includeInIndex = 1; lastKnownFileType = text.xcconfig; name = "Pods-Limi.release.xcconfig"; path = "Target Support Files/Pods-Limi/Pods-Limi.release.xcconfig"; sourceTree = "<group>"; };
		41A8537098400FD0063056FC /* Pods-Limi.debug.xcconfig */ = {isa = PBXFileReference; includeInIndex = 1; lastKnownFileType = text.xcconfig; name = "Pods-Limi.debug.xcconfig"; path = "Target Support Files/Pods-Limi/Pods-Limi.debug.xcconfig"; sourceTree = "<group>"; };
		9A5AFD7A2DDC35EC00B785BE /* RoomPlan.framework */ = {isa = PBXFileReference; lastKnownFileType = wrapper.framework; name = RoomPlan.framework; path = System/Library/Frameworks/RoomPlan.framework; sourceTree = SDKROOT; };
		9A6D930F2E5746AC009B2808 /* RealityKit.framework */ = {isa = PBXFileReference; lastKnownFileType = wrapper.framework; name = RealityKit.framework; path = System/Library/Frameworks/RealityKit.framework; sourceTree = SDKROOT; };
		9A8310452DA135A300D84901 /* Limi.entitlements */ = {isa = PBXFileReference; lastKnownFileType = text.plist.entitlements; path = Limi.entitlements; sourceTree = "<group>"; };
		9ABD247C2DA57617003A5A22 /* ARKit.framework */ = {isa = PBXFileReference; lastKnownFileType = wrapper.framework; name = ARKit.framework; path = System/Library/Frameworks/ARKit.framework; sourceTree = SDKROOT; };
		9ABFFE3A2D6F20AF00FCA582 /* modela.usdz */ = {isa = PBXFileReference; lastKnownFileType = file; path = modela.usdz; sourceTree = "<group>"; };
		9ABFFE4F2D6F38BC00FCA582 /* Bulbs.usdz */ = {isa = PBXFileReference; lastKnownFileType = file; path = Bulbs.usdz; sourceTree = "<group>"; };
		9ACC85E62D731F23009F2DD5 /* README.md */ = {isa = PBXFileReference; lastKnownFileType = net.daringfireball.markdown; path = README.md; sourceTree = "<group>"; };
		9ADA72142D6DD6D80044A7CF /* LIMI AI.app */ = {isa = PBXFileReference; explicitFileType = wrapper.application; includeInIndex = 0; path = "LIMI AI.app"; sourceTree = BUILT_PRODUCTS_DIR; };
		9ADA72D02D6DD73C0044A7CF /* Amenti-Black.ttf */ = {isa = PBXFileReference; lastKnownFileType = file; path = "Amenti-Black.ttf"; sourceTree = "<group>"; };
		9ADA72D12D6DD73C0044A7CF /* Amenti-Bold.ttf */ = {isa = PBXFileReference; lastKnownFileType = file; path = "Amenti-Bold.ttf"; sourceTree = "<group>"; };
		9ADA72D22D6DD73C0044A7CF /* Amenti-Medium.ttf */ = {isa = PBXFileReference; lastKnownFileType = file; path = "Amenti-Medium.ttf"; sourceTree = "<group>"; };
		9ADA72D32D6DD73C0044A7CF /* Amenti-Regular.otf */ = {isa = PBXFileReference; lastKnownFileType = file; path = "Amenti-Regular.otf"; sourceTree = "<group>"; };
		9ADA72D42D6DD73C0044A7CF /* Amenti-Light.otf */ = {isa = PBXFileReference; lastKnownFileType = file; path = "Amenti-Light.otf"; sourceTree = "<group>"; };
		9ADA72D52D6DD73C0044A7CF /* Amenti-Thin.otf */ = {isa = PBXFileReference; lastKnownFileType = file; path = "Amenti-Thin.otf"; sourceTree = "<group>"; };
		9ADA72D62D6DD73C0044A7CF /* Amenti-Vf.ttf */ = {isa = PBXFileReference; lastKnownFileType = file; path = "Amenti-Vf.ttf"; sourceTree = "<group>"; };
		9ADA72D72D6DD73C0044A7CF /* info.txt */ = {isa = PBXFileReference; lastKnownFileType = text; path = info.txt; sourceTree = "<group>"; };
		9ADA72D82D6DD73C0044A7CF /* OFL.txt */ = {isa = PBXFileReference; lastKnownFileType = text; path = OFL.txt; sourceTree = "<group>"; };
		9ADA72D92D6DD73C0044A7CF /* Poppins-Black.ttf */ = {isa = PBXFileReference; lastKnownFileType = file; path = "Poppins-Black.ttf"; sourceTree = "<group>"; };
		9ADA72DA2D6DD73C0044A7CF /* Poppins-BlackItalic.ttf */ = {isa = PBXFileReference; lastKnownFileType = file; path = "Poppins-BlackItalic.ttf"; sourceTree = "<group>"; };
		9ADA72DB2D6DD73C0044A7CF /* Poppins-Bold.ttf */ = {isa = PBXFileReference; lastKnownFileType = file; path = "Poppins-Bold.ttf"; sourceTree = "<group>"; };
		9ADA72DC2D6DD73C0044A7CF /* Poppins-BoldItalic.ttf */ = {isa = PBXFileReference; lastKnownFileType = file; path = "Poppins-BoldItalic.ttf"; sourceTree = "<group>"; };
		9ADA72DD2D6DD73C0044A7CF /* Poppins-ExtraBold.ttf */ = {isa = PBXFileReference; lastKnownFileType = file; path = "Poppins-ExtraBold.ttf"; sourceTree = "<group>"; };
		9ADA72DE2D6DD73C0044A7CF /* Poppins-ExtraBoldItalic.ttf */ = {isa = PBXFileReference; lastKnownFileType = file; path = "Poppins-ExtraBoldItalic.ttf"; sourceTree = "<group>"; };
		9ADA72DF2D6DD73C0044A7CF /* Poppins-ExtraLight.ttf */ = {isa = PBXFileReference; lastKnownFileType = file; path = "Poppins-ExtraLight.ttf"; sourceTree = "<group>"; };
		9ADA72E02D6DD73C0044A7CF /* Poppins-ExtraLightItalic.ttf */ = {isa = PBXFileReference; lastKnownFileType = file; path = "Poppins-ExtraLightItalic.ttf"; sourceTree = "<group>"; };
		9ADA72E12D6DD73C0044A7CF /* Poppins-Italic.ttf */ = {isa = PBXFileReference; lastKnownFileType = file; path = "Poppins-Italic.ttf"; sourceTree = "<group>"; };
		9ADA72E22D6DD73C0044A7CF /* Poppins-Light.ttf */ = {isa = PBXFileReference; lastKnownFileType = file; path = "Poppins-Light.ttf"; sourceTree = "<group>"; };
		9ADA72E32D6DD73C0044A7CF /* Poppins-LightItalic.ttf */ = {isa = PBXFileReference; lastKnownFileType = file; path = "Poppins-LightItalic.ttf"; sourceTree = "<group>"; };
		9ADA72E42D6DD73C0044A7CF /* Poppins-Medium.ttf */ = {isa = PBXFileReference; lastKnownFileType = file; path = "Poppins-Medium.ttf"; sourceTree = "<group>"; };
		9ADA72E52D6DD73C0044A7CF /* Poppins-MediumItalic.ttf */ = {isa = PBXFileReference; lastKnownFileType = file; path = "Poppins-MediumItalic.ttf"; sourceTree = "<group>"; };
		9ADA72E62D6DD73C0044A7CF /* Poppins-Regular.ttf */ = {isa = PBXFileReference; lastKnownFileType = file; path = "Poppins-Regular.ttf"; sourceTree = "<group>"; };
		9ADA72E72D6DD73C0044A7CF /* Poppins-SemiBold.ttf */ = {isa = PBXFileReference; lastKnownFileType = file; path = "Poppins-SemiBold.ttf"; sourceTree = "<group>"; };
		9ADA72E82D6DD73C0044A7CF /* Poppins-SemiBoldItalic.ttf */ = {isa = PBXFileReference; lastKnownFileType = file; path = "Poppins-SemiBoldItalic.ttf"; sourceTree = "<group>"; };
		9ADA72E92D6DD73C0044A7CF /* Poppins-Thin.ttf */ = {isa = PBXFileReference; lastKnownFileType = file; path = "Poppins-Thin.ttf"; sourceTree = "<group>"; };
		9ADA72EA2D6DD73C0044A7CF /* Poppins-ThinItalic.ttf */ = {isa = PBXFileReference; lastKnownFileType = file; path = "Poppins-ThinItalic.ttf"; sourceTree = "<group>"; };
		9AF3A3AA2DA58E8E004EADAA /* Metal.framework */ = {isa = PBXFileReference; lastKnownFileType = wrapper.framework; name = Metal.framework; path = System/Library/Frameworks/Metal.framework; sourceTree = SDKROOT; };
		B57549563DDD14E44449F681 /* Pods_Limi.framework */ = {isa = PBXFileReference; explicitFileType = wrapper.framework; includeInIndex = 0; path = Pods_Limi.framework; sourceTree = BUILT_PRODUCTS_DIR; };
/* End PBXFileReference section */

/* Begin PBXFileSystemSynchronizedBuildFileExceptionSet section */
		105185162F050D9D001A2404 /* Exceptions for "LimiExhibition" folder in "Limi" target */ = {
			isa = PBXFileSystemSynchronizedBuildFileExceptionSet;
			membershipExceptions = (
				Info.plist,
			);
			target = 9ADA72132D6DD6D80044A7CF /* Limi */;
		};
/* End PBXFileSystemSynchronizedBuildFileExceptionSet section */

/* Begin PBXFileSystemSynchronizedRootGroup section */
		9A6EFC5C2D8BB14500272B02 /* LimiExhibition */ = {
			isa = PBXFileSystemSynchronizedRootGroup;
			exceptions = (
				105185162F050D9D001A2404 /* Exceptions for "LimiExhibition" folder in "Limi" target */,
			);
			path = LimiExhibition;
			sourceTree = "<group>";
		};
/* End PBXFileSystemSynchronizedRootGroup section */

/* Begin PBXFrameworksBuildPhase section */
		9ADA72112D6DD6D80044A7CF /* Frameworks */ = {
			isa = PBXFrameworksBuildPhase;
			buildActionMask = 2147483647;
			files = (
				9A6D93102E5746AC009B2808 /* RealityKit.framework in Frameworks */,
				9A6D930C2E574609009B2808 /* ARKit.framework in Frameworks */,
				9A5AFD7B2DDC35EC00B785BE /* RoomPlan.framework in Frameworks */,
				9A9D0CE62DD30B6900A8C1B3 /* FocusEntity in Frameworks */,
				9AF3A3AB2DA58E8E004EADAA /* Metal.framework in Frameworks */,
				10B43B762EF922970040610A /* SwiftLAME in Frameworks */,
				1042906F2F0004EE003BB7B4 /* AppAuthTV in Frameworks */,
				104604CC2EBB1446004D0557 /* GoogleSignIn in Frameworks */,
				9A87FD1C2E69B49600C02EEE /* WebRTC in Frameworks */,
				9A78A3142D8A7E4100F01E0D /* SDWebImageSwiftUI in Frameworks */,
				9AF2B1BC2D7D59A1003D366D /* FLAnimatedImage in Frameworks */,
				9A6A3D622E8BC3FC00924422 /* SocketIO in Frameworks */,
				104604CE2EBB1446004D0557 /* GoogleSignInSwift in Frameworks */,
				1042906B2F0004EE003BB7B4 /* AppAuth in Frameworks */,
				F0D4FABE48D85AE338C5F153 /* Pods_Limi.framework in Frameworks */,
				1042906D2F0004EE003BB7B4 /* AppAuthCore in Frameworks */,
			);
			runOnlyForDeploymentPostprocessing = 0;
		};
/* End PBXFrameworksBuildPhase section */

/* Begin PBXGroup section */
		9ABD247B2DA57617003A5A22 /* Frameworks */ = {
			isa = PBXGroup;
			children = (
				9A6D930F2E5746AC009B2808 /* RealityKit.framework */,
				9A5AFD7A2DDC35EC00B785BE /* RoomPlan.framework */,
				9AF3A3AA2DA58E8E004EADAA /* Metal.framework */,
				9ABD247C2DA57617003A5A22 /* ARKit.framework */,
				B57549563DDD14E44449F681 /* Pods_Limi.framework */,
			);
			name = Frameworks;
			sourceTree = "<group>";
		};
		9ABFFE462D6F26F500FCA582 /* Objects */ = {
			isa = PBXGroup;
			children = (
				9ABFFE3A2D6F20AF00FCA582 /* modela.usdz */,
				9ABFFE4F2D6F38BC00FCA582 /* Bulbs.usdz */,
			);
			path = Objects;
			sourceTree = "<group>";
		};
		9ADA720B2D6DD6D80044A7CF = {
			isa = PBXGroup;
			children = (
				9A8310452DA135A300D84901 /* Limi.entitlements */,
				9ACC85E62D731F23009F2DD5 /* README.md */,
				9ADA72EB2D6DD73C0044A7CF /* Font */,
				9ADA72152D6DD6D80044A7CF /* Products */,
				9ABFFE462D6F26F500FCA582 /* Objects */,
				9A6EFC5C2D8BB14500272B02 /* LimiExhibition */,
				9ABD247B2DA57617003A5A22 /* Frameworks */,
				E22F056FBE6961045C6938A3 /* Pods */,
			);
			sourceTree = "<group>";
		};
		9ADA72152D6DD6D80044A7CF /* Products */ = {
			isa = PBXGroup;
			children = (
				9ADA72142D6DD6D80044A7CF /* LIMI AI.app */,
			);
			name = Products;
			sourceTree = "<group>";
		};
		9ADA72EB2D6DD73C0044A7CF /* Font */ = {
			isa = PBXGroup;
			children = (
				9ADA72D02D6DD73C0044A7CF /* Amenti-Black.ttf */,
				9ADA72D12D6DD73C0044A7CF /* Amenti-Bold.ttf */,
				9ADA72D22D6DD73C0044A7CF /* Amenti-Medium.ttf */,
				9ADA72D32D6DD73C0044A7CF /* Amenti-Regular.otf */,
				9ADA72D42D6DD73C0044A7CF /* Amenti-Light.otf */,
				9ADA72D52D6DD73C0044A7CF /* Amenti-Thin.otf */,
				9ADA72D62D6DD73C0044A7CF /* Amenti-Vf.ttf */,
				9ADA72D72D6DD73C0044A7CF /* info.txt */,
				9ADA72D82D6DD73C0044A7CF /* OFL.txt */,
				9ADA72D92D6DD73C0044A7CF /* Poppins-Black.ttf */,
				9ADA72DA2D6DD73C0044A7CF /* Poppins-BlackItalic.ttf */,
				9ADA72DB2D6DD73C0044A7CF /* Poppins-Bold.ttf */,
				9ADA72DC2D6DD73C0044A7CF /* Poppins-BoldItalic.ttf */,
				9ADA72DD2D6DD73C0044A7CF /* Poppins-ExtraBold.ttf */,
				9ADA72DE2D6DD73C0044A7CF /* Poppins-ExtraBoldItalic.ttf */,
				9ADA72DF2D6DD73C0044A7CF /* Poppins-ExtraLight.ttf */,
				9ADA72E02D6DD73C0044A7CF /* Poppins-ExtraLightItalic.ttf */,
				9ADA72E12D6DD73C0044A7CF /* Poppins-Italic.ttf */,
				9ADA72E22D6DD73C0044A7CF /* Poppins-Light.ttf */,
				9ADA72E32D6DD73C0044A7CF /* Poppins-LightItalic.ttf */,
				9ADA72E42D6DD73C0044A7CF /* Poppins-Medium.ttf */,
				9ADA72E52D6DD73C0044A7CF /* Poppins-MediumItalic.ttf */,
				9ADA72E62D6DD73C0044A7CF /* Poppins-Regular.ttf */,
				9ADA72E72D6DD73C0044A7CF /* Poppins-SemiBold.ttf */,
				9ADA72E82D6DD73C0044A7CF /* Poppins-SemiBoldItalic.ttf */,
				9ADA72E92D6DD73C0044A7CF /* Poppins-Thin.ttf */,
				9ADA72EA2D6DD73C0044A7CF /* Poppins-ThinItalic.ttf */,
			);
			path = Font;
			sourceTree = "<group>";
		};
		E22F056FBE6961045C6938A3 /* Pods */ = {
			isa = PBXGroup;
			children = (
				41A8537098400FD0063056FC /* Pods-Limi.debug.xcconfig */,
				26CAF47D956ADE8C97D67273 /* Pods-Limi.release.xcconfig */,
			);
			path = Pods;
			sourceTree = "<group>";
		};
/* End PBXGroup section */

/* Begin PBXNativeTarget section */
		9ADA72132D6DD6D80044A7CF /* Limi */ = {
			isa = PBXNativeTarget;
			buildConfigurationList = 9ADA72222D6DD6D90044A7CF /* Build configuration list for PBXNativeTarget "Limi" */;
			buildPhases = (
				2D40CF1C8EE369275306807F /* [CP] Check Pods Manifest.lock */,
				9ADA72102D6DD6D80044A7CF /* Sources */,
				9ADA72112D6DD6D80044A7CF /* Frameworks */,
				9ADA72122D6DD6D80044A7CF /* Resources */,
				9A2AE98C2DE03CC800C68465 /* Run Script */,
				D874B953F30A0CBDC4124A67 /* [CP] Embed Pods Frameworks */,
			);
			buildRules = (
				9A5167052E30FB660054AE83 /* PBXBuildRule */,
			);
			dependencies = (
			);
			fileSystemSynchronizedGroups = (
				9A6EFC5C2D8BB14500272B02 /* LimiExhibition */,
			);
			name = Limi;
			packageProductDependencies = (
				9AF2B1BB2D7D59A1003D366D /* FLAnimatedImage */,
				9A78A3132D8A7E4100F01E0D /* SDWebImageSwiftUI */,
				9A9D0CE52DD30B6900A8C1B3 /* FocusEntity */,
				9A87FD1B2E69B49600C02EEE /* WebRTC */,
				9A6A3D612E8BC3FC00924422 /* SocketIO */,
				104604CB2EBB1446004D0557 /* GoogleSignIn */,
				104604CD2EBB1446004D0557 /* GoogleSignInSwift */,
				10B43B752EF922970040610A /* SwiftLAME */,
				1042906A2F0004EE003BB7B4 /* AppAuth */,
				1042906C2F0004EE003BB7B4 /* AppAuthCore */,
				1042906E2F0004EE003BB7B4 /* AppAuthTV */,
			);
			productName = LimiExhibition;
			productReference = 9ADA72142D6DD6D80044A7CF /* LIMI AI.app */;
			productType = "com.apple.product-type.application";
		};
/* End PBXNativeTarget section */

/* Begin PBXProject section */
		9ADA720C2D6DD6D80044A7CF /* Project object */ = {
			isa = PBXProject;
			attributes = {
				BuildIndependentTargetsInParallel = 1;
				LastSwiftUpdateCheck = 1620;
				LastUpgradeCheck = 1620;
				TargetAttributes = {
					9ADA72132D6DD6D80044A7CF = {
						CreatedOnToolsVersion = 16.2;
					};
				};
			};
			buildConfigurationList = 9ADA720F2D6DD6D80044A7CF /* Build configuration list for PBXProject "Limi" */;
			developmentRegion = en;
			hasScannedForEncodings = 0;
			knownRegions = (
				en,
				Base,
				ar,
				ur,
				"zh-Hans",
				"zh-Hant",
				hr,
				nl,
				ru,
				fr,
				"es-419",
				hi,
				de,
				ja,
				tr,
			);
			mainGroup = 9ADA720B2D6DD6D80044A7CF;
			minimizedProjectReferenceProxies = 1;
			packageReferences = (
				9AF2B1BA2D7D59A1003D366D /* XCRemoteSwiftPackageReference "FLAnimatedImage" */,
				9A78A3122D8A7E4100F01E0D /* XCRemoteSwiftPackageReference "SDWebImageSwiftUI" */,
				9A9D0CE42DD30B6900A8C1B3 /* XCRemoteSwiftPackageReference "FocusEntity" */,
				9A87FD1A2E69B49600C02EEE /* XCRemoteSwiftPackageReference "WebRTC" */,
				9A6A3D602E8BC3FC00924422 /* XCRemoteSwiftPackageReference "socket" */,
				104604CA2EBB1446004D0557 /* XCRemoteSwiftPackageReference "GoogleSignIn-iOS" */,
				10B43B742EF922970040610A /* XCRemoteSwiftPackageReference "SwiftLAME" */,
				104290692F0004EE003BB7B4 /* XCRemoteSwiftPackageReference "AppAuth-iOS" */,
			);
			preferredProjectObjectVersion = 77;
			productRefGroup = 9ADA72152D6DD6D80044A7CF /* Products */;
			projectDirPath = "";
			projectRoot = "";
			targets = (
				9ADA72132D6DD6D80044A7CF /* Limi */,
			);
		};
/* End PBXProject section */

/* Begin PBXResourcesBuildPhase section */
		9ADA72122D6DD6D80044A7CF /* Resources */ = {
			isa = PBXResourcesBuildPhase;
			buildActionMask = 2147483647;
			files = (
				9ADA72EC2D6DD73C0044A7CF /* Amenti-Medium.ttf in Resources */,
				9ADA72ED2D6DD73C0044A7CF /* Poppins-Light.ttf in Resources */,
				9ADA72EE2D6DD73C0044A7CF /* Poppins-ExtraLight.ttf in Resources */,
				9ADA72EF2D6DD73C0044A7CF /* info.txt in Resources */,
				9ADA72F02D6DD73C0044A7CF /* Poppins-SemiBold.ttf in Resources */,
				9ADA72F12D6DD73C0044A7CF /* Amenti-Thin.otf in Resources */,
				9ADA72F22D6DD73C0044A7CF /* Amenti-Black.ttf in Resources */,
				9ADA72F32D6DD73C0044A7CF /* Amenti-Regular.otf in Resources */,
				9ADA72F42D6DD73C0044A7CF /* Poppins-MediumItalic.ttf in Resources */,
				9ADA72F52D6DD73C0044A7CF /* Poppins-Thin.ttf in Resources */,
				9ADA72F62D6DD73C0044A7CF /* Poppins-Regular.ttf in Resources */,
				9ADA72F72D6DD73C0044A7CF /* Amenti-Light.otf in Resources */,
				9ADA72F82D6DD73C0044A7CF /* Amenti-Bold.ttf in Resources */,
				9ADA72F92D6DD73C0044A7CF /* Poppins-ExtraBoldItalic.ttf in Resources */,
				9ACC85E72D731F33009F2DD5 /* README.md in Resources */,
				9ADA72FA2D6DD73C0044A7CF /* Poppins-LightItalic.ttf in Resources */,
				9ABFFE3B2D6F20AF00FCA582 /* modela.usdz in Resources */,
				9ADA72FB2D6DD73C0044A7CF /* Poppins-BlackItalic.ttf in Resources */,
				9ADA72FC2D6DD73C0044A7CF /* Amenti-Vf.ttf in Resources */,
				9ADA72FD2D6DD73C0044A7CF /* Poppins-Italic.ttf in Resources */,
				9ADA72FE2D6DD73C0044A7CF /* Poppins-ExtraBold.ttf in Resources */,
				9ADA72FF2D6DD73C0044A7CF /* Poppins-ExtraLightItalic.ttf in Resources */,
				9ABFFE502D6F38BC00FCA582 /* Bulbs.usdz in Resources */,
				9ADA73002D6DD73C0044A7CF /* Poppins-ThinItalic.ttf in Resources */,
				9ADA73012D6DD73C0044A7CF /* Poppins-Black.ttf in Resources */,
				9ADA73022D6DD73C0044A7CF /* Poppins-SemiBoldItalic.ttf in Resources */,
				9ADA73032D6DD73C0044A7CF /* Poppins-BoldItalic.ttf in Resources */,
				9ADA73042D6DD73C0044A7CF /* OFL.txt in Resources */,
				9ADA73052D6DD73C0044A7CF /* Poppins-Bold.ttf in Resources */,
				9ADA73062D6DD73C0044A7CF /* Poppins-Medium.ttf in Resources */,
			);
			runOnlyForDeploymentPostprocessing = 0;
		};
/* End PBXResourcesBuildPhase section */

/* Begin PBXShellScriptBuildPhase section */
		2D40CF1C8EE369275306807F /* [CP] Check Pods Manifest.lock */ = {
			isa = PBXShellScriptBuildPhase;
			buildActionMask = 2147483647;
			files = (
			);
			inputFileListPaths = (
			);
			inputPaths = (
				"${PODS_PODFILE_DIR_PATH}/Podfile.lock",
				"${PODS_ROOT}/Manifest.lock",
			);
			name = "[CP] Check Pods Manifest.lock";
			outputFileListPaths = (
			);
			outputPaths = (
				"$(DERIVED_FILE_DIR)/Pods-Limi-checkManifestLockResult.txt",
			);
			runOnlyForDeploymentPostprocessing = 0;
			shellPath = /bin/sh;
			shellScript = "diff \"${PODS_PODFILE_DIR_PATH}/Podfile.lock\" \"${PODS_ROOT}/Manifest.lock\" > /dev/null\nif [ $? != 0 ] ; then\n    # print error to STDERR\n    echo \"error: The sandbox is not in sync with the Podfile.lock. Run 'pod install' or update your CocoaPods installation.\" >&2\n    exit 1\nfi\n# This output is used by Xcode 'outputs' to avoid re-running this script phase.\necho \"SUCCESS\" > \"${SCRIPT_OUTPUT_FILE_0}\"\n";
			showEnvVarsInLog = 0;
		};
		9A2AE98C2DE03CC800C68465 /* Run Script */ = {
			isa = PBXShellScriptBuildPhase;
			buildActionMask = 2147483647;
			files = (
			);
			inputFileListPaths = (
			);
			inputPaths = (
			);
			name = "Run Script";
			outputFileListPaths = (
			);
			outputPaths = (
			);
			runOnlyForDeploymentPostprocessing = 0;
			shellPath = /bin/sh;
			shellScript = "#!/bin/sh\nFRAMEWORK_RKC=\"${PLATFORM_DIR}/Developer/Library/Frameworks/RealityKit.framework/Resources/RealityKitContent.bundle\"\nDEST=\"${TARGET_BUILD_DIR}/${UNLOCALIZED_RESOURCES_FOLDER_PATH}/RealityKitContent.bundle\"\nif [ -d \"$FRAMEWORK_RKC\" ]; then\n    rm -rf \"${DEST}\"\n    cp -R \"${FRAMEWORK_RKC}\" \"${DEST}\"\nfi\n";
		};
		D874B953F30A0CBDC4124A67 /* [CP] Embed Pods Frameworks */ = {
			isa = PBXShellScriptBuildPhase;
			buildActionMask = 2147483647;
			files = (
			);
			inputFileListPaths = (
				"${PODS_ROOT}/Target Support Files/Pods-Limi/Pods-Limi-frameworks-${CONFIGURATION}-input-files.xcfilelist",
			);
			inputPaths = (
			);
			name = "[CP] Embed Pods Frameworks";
			outputFileListPaths = (
				"${PODS_ROOT}/Target Support Files/Pods-Limi/Pods-Limi-frameworks-${CONFIGURATION}-output-files.xcfilelist",
			);
			outputPaths = (
			);
			runOnlyForDeploymentPostprocessing = 0;
			shellPath = /bin/sh;
			shellScript = "\"${PODS_ROOT}/Target Support Files/Pods-Limi/Pods-Limi-frameworks.sh\"\n";
			showEnvVarsInLog = 0;
		};
/* End PBXShellScriptBuildPhase section */

/* Begin PBXSourcesBuildPhase section */
		9ADA72102D6DD6D80044A7CF /* Sources */ = {
			isa = PBXSourcesBuildPhase;
			buildActionMask = 2147483647;
			files = (
			);
			runOnlyForDeploymentPostprocessing = 0;
		};
/* End PBXSourcesBuildPhase section */

/* Begin XCBuildConfiguration section */
		9ADA72202D6DD6D90044A7CF /* Debug */ = {
			isa = XCBuildConfiguration;
			buildSettings = {
				ALWAYS_SEARCH_USER_PATHS = NO;
				ASSETCATALOG_COMPILER_GENERATE_SWIFT_ASSET_SYMBOL_EXTENSIONS = YES;
				CLANG_ANALYZER_NONNULL = YES;
				CLANG_ANALYZER_NUMBER_OBJECT_CONVERSION = YES_AGGRESSIVE;
				CLANG_CXX_LANGUAGE_STANDARD = "gnu++20";
				CLANG_ENABLE_MODULES = YES;
				CLANG_ENABLE_OBJC_ARC = YES;
				CLANG_ENABLE_OBJC_WEAK = YES;
				CLANG_WARN_BLOCK_CAPTURE_AUTORELEASING = YES;
				CLANG_WARN_BOOL_CONVERSION = YES;
				CLANG_WARN_COMMA = YES;
				CLANG_WARN_CONSTANT_CONVERSION = YES;
				CLANG_WARN_DEPRECATED_OBJC_IMPLEMENTATIONS = YES;
				CLANG_WARN_DIRECT_OBJC_ISA_USAGE = YES_ERROR;
				CLANG_WARN_DOCUMENTATION_COMMENTS = YES;
				CLANG_WARN_EMPTY_BODY = YES;
				CLANG_WARN_ENUM_CONVERSION = YES;
				CLANG_WARN_INFINITE_RECURSION = YES;
				CLANG_WARN_INT_CONVERSION = YES;
				CLANG_WARN_NON_LITERAL_NULL_CONVERSION = YES;
				CLANG_WARN_OBJC_IMPLICIT_RETAIN_SELF = YES;
				CLANG_WARN_OBJC_LITERAL_CONVERSION = YES;
				CLANG_WARN_OBJC_ROOT_CLASS = YES_ERROR;
				CLANG_WARN_QUOTED_INCLUDE_IN_FRAMEWORK_HEADER = YES;
				CLANG_WARN_RANGE_LOOP_ANALYSIS = YES;
				CLANG_WARN_STRICT_PROTOTYPES = YES;
				CLANG_WARN_SUSPICIOUS_MOVE = YES;
				CLANG_WARN_UNGUARDED_AVAILABILITY = YES_AGGRESSIVE;
				CLANG_WARN_UNREACHABLE_CODE = YES;
				CLANG_WARN__DUPLICATE_METHOD_MATCH = YES;
				COPY_PHASE_STRIP = NO;
				DEBUG_INFORMATION_FORMAT = dwarf;
				ENABLE_STRICT_OBJC_MSGSEND = YES;
				ENABLE_TESTABILITY = YES;
				ENABLE_USER_SCRIPT_SANDBOXING = YES;
				GCC_C_LANGUAGE_STANDARD = gnu17;
				GCC_DYNAMIC_NO_PIC = NO;
				GCC_NO_COMMON_BLOCKS = YES;
				GCC_OPTIMIZATION_LEVEL = 0;
				GCC_PREPROCESSOR_DEFINITIONS = (
					"DEBUG=1",
					"$(inherited)",
				);
				GCC_WARN_64_TO_32_BIT_CONVERSION = YES;
				GCC_WARN_ABOUT_RETURN_TYPE = YES_ERROR;
				GCC_WARN_UNDECLARED_SELECTOR = YES;
				GCC_WARN_UNINITIALIZED_AUTOS = YES_AGGRESSIVE;
				GCC_WARN_UNUSED_FUNCTION = YES;
				GCC_WARN_UNUSED_VARIABLE = YES;
				IPHONEOS_DEPLOYMENT_TARGET = 18.2;
				LOCALIZATION_PREFERS_STRING_CATALOGS = YES;
				MTL_ENABLE_DEBUG_INFO = INCLUDE_SOURCE;
				MTL_FAST_MATH = YES;
				ONLY_ACTIVE_ARCH = YES;
				PRODUCT_NAME = "LIMI AI";
				SDKROOT = iphoneos;
				SWIFT_ACTIVE_COMPILATION_CONDITIONS = "DEBUG $(inherited)";
				SWIFT_EMIT_LOC_STRINGS = YES;
				SWIFT_OPTIMIZATION_LEVEL = "-Onone";
			};
			name = Debug;
		};
		9ADA72212D6DD6D90044A7CF /* Release */ = {
			isa = XCBuildConfiguration;
			buildSettings = {
				ALWAYS_SEARCH_USER_PATHS = NO;
				ASSETCATALOG_COMPILER_GENERATE_SWIFT_ASSET_SYMBOL_EXTENSIONS = YES;
				CLANG_ANALYZER_NONNULL = YES;
				CLANG_ANALYZER_NUMBER_OBJECT_CONVERSION = YES_AGGRESSIVE;
				CLANG_CXX_LANGUAGE_STANDARD = "gnu++20";
				CLANG_ENABLE_MODULES = YES;
				CLANG_ENABLE_OBJC_ARC = YES;
				CLANG_ENABLE_OBJC_WEAK = YES;
				CLANG_WARN_BLOCK_CAPTURE_AUTORELEASING = YES;
				CLANG_WARN_BOOL_CONVERSION = YES;
				CLANG_WARN_COMMA = YES;
				CLANG_WARN_CONSTANT_CONVERSION = YES;
				CLANG_WARN_DEPRECATED_OBJC_IMPLEMENTATIONS = YES;
				CLANG_WARN_DIRECT_OBJC_ISA_USAGE = YES_ERROR;
				CLANG_WARN_DOCUMENTATION_COMMENTS = YES;
				CLANG_WARN_EMPTY_BODY = YES;
				CLANG_WARN_ENUM_CONVERSION = YES;
				CLANG_WARN_INFINITE_RECURSION = YES;
				CLANG_WARN_INT_CONVERSION = YES;
				CLANG_WARN_NON_LITERAL_NULL_CONVERSION = YES;
				CLANG_WARN_OBJC_IMPLICIT_RETAIN_SELF = YES;
				CLANG_WARN_OBJC_LITERAL_CONVERSION = YES;
				CLANG_WARN_OBJC_ROOT_CLASS = YES_ERROR;
				CLANG_WARN_QUOTED_INCLUDE_IN_FRAMEWORK_HEADER = YES;
				CLANG_WARN_RANGE_LOOP_ANALYSIS = YES;
				CLANG_WARN_STRICT_PROTOTYPES = YES;
				CLANG_WARN_SUSPICIOUS_MOVE = YES;
				CLANG_WARN_UNGUARDED_AVAILABILITY = YES_AGGRESSIVE;
				CLANG_WARN_UNREACHABLE_CODE = YES;
				CLANG_WARN__DUPLICATE_METHOD_MATCH = YES;
				COPY_PHASE_STRIP = NO;
				DEBUG_INFORMATION_FORMAT = "dwarf-with-dsym";
				ENABLE_NS_ASSERTIONS = NO;
				ENABLE_STRICT_OBJC_MSGSEND = YES;
				ENABLE_USER_SCRIPT_SANDBOXING = YES;
				GCC_C_LANGUAGE_STANDARD = gnu17;
				GCC_NO_COMMON_BLOCKS = YES;
				GCC_WARN_64_TO_32_BIT_CONVERSION = YES;
				GCC_WARN_ABOUT_RETURN_TYPE = YES_ERROR;
				GCC_WARN_UNDECLARED_SELECTOR = YES;
				GCC_WARN_UNINITIALIZED_AUTOS = YES_AGGRESSIVE;
				GCC_WARN_UNUSED_FUNCTION = YES;
				GCC_WARN_UNUSED_VARIABLE = YES;
				IPHONEOS_DEPLOYMENT_TARGET = 18.2;
				LOCALIZATION_PREFERS_STRING_CATALOGS = YES;
				MTL_ENABLE_DEBUG_INFO = NO;
				MTL_FAST_MATH = YES;
				PRODUCT_NAME = "LIMI AI";
				SDKROOT = iphoneos;
				SWIFT_COMPILATION_MODE = wholemodule;
				SWIFT_EMIT_LOC_STRINGS = YES;
				VALIDATE_PRODUCT = YES;
			};
			name = Release;
		};
		9ADA72232D6DD6D90044A7CF /* Debug */ = {
			isa = XCBuildConfiguration;
			baseConfigurationReference = 41A8537098400FD0063056FC /* Pods-Limi.debug.xcconfig */;
			buildSettings = {
				ASSETCATALOG_COMPILER_APPICON_NAME = AppIcon;
				ASSETCATALOG_COMPILER_GLOBAL_ACCENT_COLOR_NAME = AccentColor;
				ASSETCATALOG_COMPILER_INCLUDE_ALL_APPICON_ASSETS = YES;
				CODE_SIGN_ENTITLEMENTS = Limi.entitlements;
				CODE_SIGN_IDENTITY = "Apple Development";
				CODE_SIGN_STYLE = Automatic;
				CURRENT_PROJECT_VERSION = 49;
				DEVELOPMENT_ASSET_PATHS = "\"LimiExhibition/Preview Content\"";
				DEVELOPMENT_TEAM = Y39JJ6B8MN;
				ENABLE_PREVIEWS = YES;
				ENABLE_USER_SCRIPT_SANDBOXING = NO;
				GENERATE_INFOPLIST_FILE = NO;
				INFOPLIST_FILE = LimiExhibition/Info.plist;
				INFOPLIST_KEY_CFBundleDisplayName = LIMI;
				INFOPLIST_KEY_NFCReaderUsageDescription = "This app needs access to NFC to scan tags.";
				INFOPLIST_KEY_NSBluetoothAlwaysUsageDescription = "This app needs Bluetooth to connect to devices";
				INFOPLIST_KEY_NSBluetoothPeripheralUsageDescription = "This app needs Bluetooth to connect to devices";
				INFOPLIST_KEY_NSCameraUsageDescription = "";
				INFOPLIST_KEY_NSPhotoLibraryAddUsageDescription = "We need access to save screenshots.";
				INFOPLIST_KEY_NSPhotoLibraryUsageDescription = "This app needs photo library access to save your room scans";
				INFOPLIST_KEY_UIApplicationSceneManifest_Generation = YES;
				INFOPLIST_KEY_UIApplicationSupportsIndirectInputEvents = YES;
				INFOPLIST_KEY_UIRequiredDeviceCapabilities = arkit;
				INFOPLIST_KEY_UIStatusBarStyle = "";
				INFOPLIST_KEY_UISupportedInterfaceOrientations = "UIInterfaceOrientationPortrait UIInterfaceOrientationPortraitUpsideDown UIInterfaceOrientationLandscapeLeft UIInterfaceOrientationLandscapeRight";
				INFOPLIST_KEY_UISupportedInterfaceOrientations_iPhone = UIInterfaceOrientationPortrait;
				IPHONEOS_DEPLOYMENT_TARGET = 18.2;
				LD_RUNPATH_SEARCH_PATHS = (
					"$(inherited)",
					"@executable_path/Frameworks",
				);
				MARKETING_VERSION = 1.0;
				PRODUCT_BUNDLE_IDENTIFIER = osi.shahryar.LimitLess.Exhibition.v1;
				PRODUCT_NAME = "LIMI AI";
				PROVISIONING_PROFILE_SPECIFIER = "";
				SWIFT_EMIT_LOC_STRINGS = YES;
				SWIFT_VERSION = 5.0;
				TARGETED_DEVICE_FAMILY = "1,2";
			};
			name = Debug;
		};
		9ADA72242D6DD6D90044A7CF /* Release */ = {
			isa = XCBuildConfiguration;
			baseConfigurationReference = 26CAF47D956ADE8C97D67273 /* Pods-Limi.release.xcconfig */;
			buildSettings = {
				ASSETCATALOG_COMPILER_APPICON_NAME = AppIcon;
				ASSETCATALOG_COMPILER_GLOBAL_ACCENT_COLOR_NAME = AccentColor;
				ASSETCATALOG_COMPILER_INCLUDE_ALL_APPICON_ASSETS = YES;
				CODE_SIGN_ENTITLEMENTS = Limi.entitlements;
				CODE_SIGN_IDENTITY = "Apple Development";
				CODE_SIGN_STYLE = Automatic;
				CURRENT_PROJECT_VERSION = 49;
				DEVELOPMENT_ASSET_PATHS = "\"LimiExhibition/Preview Content\"";
				DEVELOPMENT_TEAM = Y39JJ6B8MN;
				ENABLE_PREVIEWS = YES;
				ENABLE_USER_SCRIPT_SANDBOXING = NO;
				GENERATE_INFOPLIST_FILE = NO;
				INFOPLIST_FILE = LimiExhibition/Info.plist;
				INFOPLIST_KEY_CFBundleDisplayName = LIMI;
				INFOPLIST_KEY_NFCReaderUsageDescription = "This app needs access to NFC to scan tags.";
				INFOPLIST_KEY_NSBluetoothAlwaysUsageDescription = "This app needs Bluetooth to connect to devices";
				INFOPLIST_KEY_NSBluetoothPeripheralUsageDescription = "This app needs Bluetooth to connect to devices";
				INFOPLIST_KEY_NSCameraUsageDescription = "";
				INFOPLIST_KEY_NSPhotoLibraryAddUsageDescription = "We need access to save screenshots.";
				INFOPLIST_KEY_NSPhotoLibraryUsageDescription = "This app needs photo library access to save your room scans";
				INFOPLIST_KEY_UIApplicationSceneManifest_Generation = YES;
				INFOPLIST_KEY_UIApplicationSupportsIndirectInputEvents = YES;
				INFOPLIST_KEY_UIRequiredDeviceCapabilities = arkit;
				INFOPLIST_KEY_UIStatusBarStyle = "";
				INFOPLIST_KEY_UISupportedInterfaceOrientations = "UIInterfaceOrientationPortrait UIInterfaceOrientationPortraitUpsideDown UIInterfaceOrientationLandscapeLeft UIInterfaceOrientationLandscapeRight";
				INFOPLIST_KEY_UISupportedInterfaceOrientations_iPhone = UIInterfaceOrientationPortrait;
				IPHONEOS_DEPLOYMENT_TARGET = 18.2;
				LD_RUNPATH_SEARCH_PATHS = (
					"$(inherited)",
					"@executable_path/Frameworks",
				);
				MARKETING_VERSION = 1.0;
				PRODUCT_BUNDLE_IDENTIFIER = osi.shahryar.LimitLess.Exhibition.v1;
				PRODUCT_NAME = "LIMI AI";
				PROVISIONING_PROFILE_SPECIFIER = "";
				SWIFT_EMIT_LOC_STRINGS = YES;
				SWIFT_VERSION = 5.0;
				TARGETED_DEVICE_FAMILY = "1,2";
			};
			name = Release;
		};
/* End XCBuildConfiguration section */

/* Begin XCConfigurationList section */
		9ADA720F2D6DD6D80044A7CF /* Build configuration list for PBXProject "Limi" */ = {
			isa = XCConfigurationList;
			buildConfigurations = (
				9ADA72202D6DD6D90044A7CF /* Debug */,
				9ADA72212D6DD6D90044A7CF /* Release */,
			);
			defaultConfigurationIsVisible = 0;
			defaultConfigurationName = Release;
		};
		9ADA72222D6DD6D90044A7CF /* Build configuration list for PBXNativeTarget "Limi" */ = {
			isa = XCConfigurationList;
			buildConfigurations = (
				9ADA72232D6DD6D90044A7CF /* Debug */,
				9ADA72242D6DD6D90044A7CF /* Release */,
			);
			defaultConfigurationIsVisible = 0;
			defaultConfigurationName = Release;
		};
/* End XCConfigurationList section */

/* Begin XCRemoteSwiftPackageReference section */
		104290692F0004EE003BB7B4 /* XCRemoteSwiftPackageReference "AppAuth-iOS" */ = {
			isa = XCRemoteSwiftPackageReference;
			repositoryURL = "https://github.com/openid/AppAuth-iOS.git";
			requirement = {
				kind = upToNextMajorVersion;
				minimumVersion = 2.0.0;
			};
		};
		104604CA2EBB1446004D0557 /* XCRemoteSwiftPackageReference "GoogleSignIn-iOS" */ = {
			isa = XCRemoteSwiftPackageReference;
			repositoryURL = "https://github.com/google/GoogleSignIn-iOS";
			requirement = {
				kind = upToNextMajorVersion;
				minimumVersion = 9.0.0;
			};
		};
		10B43B742EF922970040610A /* XCRemoteSwiftPackageReference "SwiftLAME" */ = {
			isa = XCRemoteSwiftPackageReference;
			repositoryURL = "https://github.com/hidden-spectrum/SwiftLAME.git";
			requirement = {
				kind = upToNextMajorVersion;
				minimumVersion = 0.1.0;
			};
		};
		9A6A3D602E8BC3FC00924422 /* XCRemoteSwiftPackageReference "socket" */ = {
			isa = XCRemoteSwiftPackageReference;
			repositoryURL = "https://github.com/socketio/socket.io-client-swift";
			requirement = {
				branch = master;
				kind = branch;
			};
		};
		9A78A3122D8A7E4100F01E0D /* XCRemoteSwiftPackageReference "SDWebImageSwiftUI" */ = {
			isa = XCRemoteSwiftPackageReference;
			repositoryURL = "https://github.com/SDWebImage/SDWebImageSwiftUI.git";
			requirement = {
				kind = upToNextMajorVersion;
				minimumVersion = 3.1.3;
			};
		};
		9A87FD1A2E69B49600C02EEE /* XCRemoteSwiftPackageReference "WebRTC" */ = {
			isa = XCRemoteSwiftPackageReference;
			repositoryURL = "https://github.com/stasel/WebRTC.git";
			requirement = {
				kind = upToNextMajorVersion;
				minimumVersion = 139.0.0;
			};
		};
		9A9D0CE42DD30B6900A8C1B3 /* XCRemoteSwiftPackageReference "FocusEntity" */ = {
			isa = XCRemoteSwiftPackageReference;
			repositoryURL = "https://github.com/maxxfrazer/FocusEntity";
			requirement = {
				kind = upToNextMajorVersion;
				minimumVersion = 2.5.1;
			};
		};
		9AF2B1BA2D7D59A1003D366D /* XCRemoteSwiftPackageReference "FLAnimatedImage" */ = {
			isa = XCRemoteSwiftPackageReference;
			repositoryURL = "https://github.com/Flipboard/FLAnimatedImage";
			requirement = {
				kind = upToNextMinorVersion;
				minimumVersion = 1.0.17;
			};
		};
/* End XCRemoteSwiftPackageReference section */

/* Begin XCSwiftPackageProductDependency section */
		1042906A2F0004EE003BB7B4 /* AppAuth */ = {
			isa = XCSwiftPackageProductDependency;
			package = 104290692F0004EE003BB7B4 /* XCRemoteSwiftPackageReference "AppAuth-iOS" */;
			productName = AppAuth;
		};
		1042906C2F0004EE003BB7B4 /* AppAuthCore */ = {
			isa = XCSwiftPackageProductDependency;
			package = 104290692F0004EE003BB7B4 /* XCRemoteSwiftPackageReference "AppAuth-iOS" */;
			productName = AppAuthCore;
		};
		1042906E2F0004EE003BB7B4 /* AppAuthTV */ = {
			isa = XCSwiftPackageProductDependency;
			package = 104290692F0004EE003BB7B4 /* XCRemoteSwiftPackageReference "AppAuth-iOS" */;
			productName = AppAuthTV;
		};
		104604CB2EBB1446004D0557 /* GoogleSignIn */ = {
			isa = XCSwiftPackageProductDependency;
			package = 104604CA2EBB1446004D0557 /* XCRemoteSwiftPackageReference "GoogleSignIn-iOS" */;
			productName = GoogleSignIn;
		};
		104604CD2EBB1446004D0557 /* GoogleSignInSwift */ = {
			isa = XCSwiftPackageProductDependency;
			package = 104604CA2EBB1446004D0557 /* XCRemoteSwiftPackageReference "GoogleSignIn-iOS" */;
			productName = GoogleSignInSwift;
		};
		10B43B752EF922970040610A /* SwiftLAME */ = {
			isa = XCSwiftPackageProductDependency;
			package = 10B43B742EF922970040610A /* XCRemoteSwiftPackageReference "SwiftLAME" */;
			productName = SwiftLAME;
		};
		9A6A3D612E8BC3FC00924422 /* SocketIO */ = {
			isa = XCSwiftPackageProductDependency;
			package = 9A6A3D602E8BC3FC00924422 /* XCRemoteSwiftPackageReference "socket" */;
			productName = SocketIO;
		};
		9A78A3132D8A7E4100F01E0D /* SDWebImageSwiftUI */ = {
			isa = XCSwiftPackageProductDependency;
			package = 9A78A3122D8A7E4100F01E0D /* XCRemoteSwiftPackageReference "SDWebImageSwiftUI" */;
			productName = SDWebImageSwiftUI;
		};
		9A87FD1B2E69B49600C02EEE /* WebRTC */ = {
			isa = XCSwiftPackageProductDependency;
			package = 9A87FD1A2E69B49600C02EEE /* XCRemoteSwiftPackageReference "WebRTC" */;
			productName = WebRTC;
		};
		9A9D0CE52DD30B6900A8C1B3 /* FocusEntity */ = {
			isa = XCSwiftPackageProductDependency;
			package = 9A9D0CE42DD30B6900A8C1B3 /* XCRemoteSwiftPackageReference "FocusEntity" */;
			productName = FocusEntity;
		};
		9AF2B1BB2D7D59A1003D366D /* FLAnimatedImage */ = {
			isa = XCSwiftPackageProductDependency;
			package = 9AF2B1BA2D7D59A1003D366D /* XCRemoteSwiftPackageReference "FLAnimatedImage" */;
			productName = FLAnimatedImage;
		};
/* End XCSwiftPackageProductDependency section */
	};
	rootObject = 9ADA720C2D6DD6D80044A7CF /* Project object */;
}
