// !$*UTF8*$!
{
	archiveVersion = 1;
	classes = {
	};
	objectVersion = 77;
	objects = {

/* Begin PBXBuildFile section */
		1042906B2F0004EE003BB7B4 /* AppAuth in Frameworks */ = {isa = PBXBuildFile; productRef = 1042906A2F0004EE003BB7B4 /* AppAuth */; };
		1042906D2F0004EE003BB7B4 /* AppAuthCore in Frameworks */ = {isa = PBXBuildFile; productRef = 1042906C2F0004EE003BB7B4 /* AppAuthCore */; };
		1042906F2F0004EE003BB7B4 /* AppAuthTV in Frameworks */ = {isa = PBXBuildFile; productRef = 1042906E2F0004EE003BB7B4 /* AppAuthTV */; };
		104604CC2EBB1446004D0557 /* GoogleSignIn in Frameworks */ = {isa = PBXBuildFile; productRef = 104604CB2EBB1446004D0557 /* GoogleSignIn */; };
		104604CE2EBB1446004D0557 /* GoogleSignInSwift in Frameworks */ = {isa = PBXBuildFile; productRef = 104604CD2EBB1446004D0557 /* GoogleSignInSwift */; };
		105F48272FA4E929008A89D8 /* LocationManager.swift in Sources */ = {isa = PBXBuildFile; fileRef = 105F47242FA4E929008A89D8 /* LocationManager.swift */; };
		105F482F2FA4E929008A89D8 /* AuthResponseParsing.swift in Sources */ = {isa = PBXBuildFile; fileRef = 105F472E2FA4E929008A89D8 /* AuthResponseParsing.swift */; };
		105F48302FA4E929008A89D8 /* ManagerAPI.swift in Sources */ = {isa = PBXBuildFile; fileRef = 105F472F2FA4E929008A89D8 /* ManagerAPI.swift */; };
		105F48312FA4E929008A89D8 /* WeatherData.swift in Sources */ = {isa = PBXBuildFile; fileRef = 105F47302FA4E929008A89D8 /* WeatherData.swift */; };
		105F48322FA4E929008A89D8 /* WeatherService.swift in Sources */ = {isa = PBXBuildFile; fileRef = 105F47312FA4E929008A89D8 /* WeatherService.swift */; };
		105F48332FA4E929008A89D8 /* LimiHTTPClient.swift in Sources */ = {isa = PBXBuildFile; fileRef = 105F47322FA4E929008A89D8 /* LimiHTTPClient.swift */; };
		105F48342FA4E929008A89D8 /* LimiDeviceAPI.swift in Sources */ = {isa = PBXBuildFile; fileRef = 105F47332FA4E929008A89D8 /* LimiDeviceAPI.swift */; };
		105F48352FA4E929008A89D8 /* LimiConfiguratorAPI.swift in Sources */ = {isa = PBXBuildFile; fileRef = 105F47342FA4E929008A89D8 /* LimiConfiguratorAPI.swift */; };
		105F48362FA4E929008A89D8 /* LimiAPIAuthPolicy.swift in Sources */ = {isa = PBXBuildFile; fileRef = 105F47352FA4E929008A89D8 /* LimiAPIAuthPolicy.swift */; };
		105F48452FA4E929008A89D8 /* AuthManger.swift in Sources */ = {isa = PBXBuildFile; fileRef = 105F47472FA4E929008A89D8 /* AuthManger.swift */; };
		105F48472FA4E929008A89D8 /* Color.swift in Sources */ = {isa = PBXBuildFile; fileRef = 105F474A2FA4E929008A89D8 /* Color.swift */; };
		105F48482FA4E929008A89D8 /* LimiDesignSystem.swift in Sources */ = {isa = PBXBuildFile; fileRef = 105F474B2FA4E929008A89D8 /* LimiDesignSystem.swift */; };
		105F48492FA4E929008A89D8 /* NeumorphicSystem.swift in Sources */ = {isa = PBXBuildFile; fileRef = 105F474C2FA4E929008A89D8 /* NeumorphicSystem.swift */; };
		105F484B2FA4E929008A89D8 /* LanguageSettings.swift in Sources */ = {isa = PBXBuildFile; fileRef = 105F47512FA4E929008A89D8 /* LanguageSettings.swift */; };
		105F484C2FA4E929008A89D8 /* NetworkMonitor.swift in Sources */ = {isa = PBXBuildFile; fileRef = 105F47532FA4E929008A89D8 /* NetworkMonitor.swift */; };
		105F485F2FA4E929008A89D8 /* FloatingAssistantManager.swift in Sources */ = {isa = PBXBuildFile; fileRef = 105F476A2FA4E929008A89D8 /* FloatingAssistantManager.swift */; };
		105F48602FA4E929008A89D8 /* FloatingRootViewController.swift in Sources */ = {isa = PBXBuildFile; fileRef = 105F476B2FA4E929008A89D8 /* FloatingRootViewController.swift */; };
		105F48612FA4E929008A89D8 /* FloatingWindow.swift in Sources */ = {isa = PBXBuildFile; fileRef = 105F476C2FA4E929008A89D8 /* FloatingWindow.swift */; };
		105F488C2FA4E929008A89D8 /* SocketIOExample.swift in Sources */ = {isa = PBXBuildFile; fileRef = 105F47A12FA4E929008A89D8 /* SocketIOExample.swift */; };
		105F48C62FA4E929008A89D8 /* LightControllingSocket.swift in Sources */ = {isa = PBXBuildFile; fileRef = 105F47EF2FA4E929008A89D8 /* LightControllingSocket.swift */; };
		105F48CE2FA4E929008A89D8 /* AuthManager.swift in Sources */ = {isa = PBXBuildFile; fileRef = 105F47FD2FA4E929008A89D8 /* AuthManager.swift */; };
		10AB0000000000000000B001 /* LimiCommand.swift in Sources */ = {isa = PBXBuildFile; fileRef = 10AB0000000000000000C001 /* LimiCommand.swift */; };
		10AB0000000000000000B002 /* Door.swift in Sources */ = {isa = PBXBuildFile; fileRef = 10AB0000000000000000C002 /* Door.swift */; };
		10AB0000000000000000B003 /* DeviceTransportState.swift in Sources */ = {isa = PBXBuildFile; fileRef = 10AB0000000000000000C003 /* DeviceTransportState.swift */; };
		10AB0000000000000000B004 /* DeviceTransportRegistry.swift in Sources */ = {isa = PBXBuildFile; fileRef = 10AB0000000000000000C004 /* DeviceTransportRegistry.swift */; };
		10AB0000000000000000B005 /* MQTTClientProtocol.swift in Sources */ = {isa = PBXBuildFile; fileRef = 10AB0000000000000000C005 /* MQTTClientProtocol.swift */; };
		10AB0000000000000000B006 /* SocketIOMQTTBridge.swift in Sources */ = {isa = PBXBuildFile; fileRef = 10AB0000000000000000C006 /* SocketIOMQTTBridge.swift */; };
		10AB0000000000000000B007 /* DeviceWebSocketClient.swift in Sources */ = {isa = PBXBuildFile; fileRef = 10AB0000000000000000C007 /* DeviceWebSocketClient.swift */; };
		10AB0000000000000000B008 /* BLELightWriter.swift in Sources */ = {isa = PBXBuildFile; fileRef = 10AB0000000000000000C008 /* BLELightWriter.swift */; };
		10AB0000000000000000B009 /* LimiTransport.swift in Sources */ = {isa = PBXBuildFile; fileRef = 10AB0000000000000000C009 /* LimiTransport.swift */; };
		10AB0000000000000000B00A /* LimiTransportError.swift in Sources */ = {isa = PBXBuildFile; fileRef = 10AB0000000000000000C00A /* LimiTransportError.swift */; };
		10AB0000000000000000B00B /* ThrottledSender.swift in Sources */ = {isa = PBXBuildFile; fileRef = 10AB0000000000000000C00B /* ThrottledSender.swift */; };
		10AB0000000000000000B00C /* TransportMediumPreference.swift in Sources */ = {isa = PBXBuildFile; fileRef = 10AB0000000000000000C00C /* TransportMediumPreference.swift */; };
		10ADDT012FA4E929008A89D8 /* DemoScanDevicesViewModelTests.swift in Sources */ = {isa = PBXBuildFile; fileRef = 10ADDT002FA4E929008A89D8 /* DemoScanDevicesViewModelTests.swift */; };
		10AICHT012FA4E929008A89D8 /* VoiceViewModelTests.swift in Sources */ = {isa = PBXBuildFile; fileRef = 10AICHT002FA4E929008A89D8 /* VoiceViewModelTests.swift */; };
		10APP0112FA4E929008A89D8 /* DependencyProtocols.swift in Sources */ = {isa = PBXBuildFile; fileRef = 10APP0012FA4E929008A89D8 /* DependencyProtocols.swift */; };
		10APP0122FA4E929008A89D8 /* AppEnvironment.swift in Sources */ = {isa = PBXBuildFile; fileRef = 10APP0022FA4E929008A89D8 /* AppEnvironment.swift */; };
		10APPT012FA4E929008A89D8 /* AppEnvironmentTests.swift in Sources */ = {isa = PBXBuildFile; fileRef = 10APPT002FA4E929008A89D8 /* AppEnvironmentTests.swift */; };
		10ART012FA4E929008A89D8 /* ARSessionViewModelTests.swift in Sources */ = {isa = PBXBuildFile; fileRef = 10ART002FA4E929008A89D8 /* ARSessionViewModelTests.swift */; };
		10AUTH0112FA4E929008A89D8 /* AuthRoute.swift in Sources */ = {isa = PBXBuildFile; fileRef = 10AUTH0012FA4E929008A89D8 /* AuthRoute.swift */; };
		10B43B762EF922970040610A /* SwiftLAME in Frameworks */ = {isa = PBXBuildFile; productRef = 10B43B752EF922970040610A /* SwiftLAME */; };
		10BCB0112FA4E929008A89D8 /* BluetoothManager.swift in Sources */ = {isa = PBXBuildFile; fileRef = 10BCB0012FA4E929008A89D8 /* BluetoothManager.swift */; };
		10BCB0122FA4E929008A89D8 /* BluetoothManager+BackgroundScan.swift in Sources */ = {isa = PBXBuildFile; fileRef = 10BCB0022FA4E929008A89D8 /* BluetoothManager+BackgroundScan.swift */; };
		10BCB0132FA4E929008A89D8 /* BluetoothManager+GATTWrite.swift in Sources */ = {isa = PBXBuildFile; fileRef = 10BCB0032FA4E929008A89D8 /* BluetoothManager+GATTWrite.swift */; };
		10BCB0142FA4E929008A89D8 /* BluetoothManager+WifiProvisioning.swift in Sources */ = {isa = PBXBuildFile; fileRef = 10BCB0042FA4E929008A89D8 /* BluetoothManager+WifiProvisioning.swift */; };
		10BCB0152FA4E929008A89D8 /* BluetoothDeviceState.swift in Sources */ = {isa = PBXBuildFile; fileRef = 10BCB0052FA4E929008A89D8 /* BluetoothDeviceState.swift */; };
		10BCB0162FA4E929008A89D8 /* ContextManager.swift in Sources */ = {isa = PBXBuildFile; fileRef = 10BCB0062FA4E929008A89D8 /* ContextManager.swift */; };
		10BCB0172FA4E929008A89D8 /* GlobalVariables.swift in Sources */ = {isa = PBXBuildFile; fileRef = 10BCB0072FA4E929008A89D8 /* GlobalVariables.swift */; };
		10BCB0182FA4E929008A89D8 /* AppRouter.swift in Sources */ = {isa = PBXBuildFile; fileRef = 10BCB0082FA4E929008A89D8 /* AppRouter.swift */; };
		10BCB0192FA4E929008A89D8 /* HomeRoute.swift in Sources */ = {isa = PBXBuildFile; fileRef = 10BCB0092FA4E929008A89D8 /* HomeRoute.swift */; };
		10HOMET012FA4E929008A89D8 /* HomeViewModelTests.swift in Sources */ = {isa = PBXBuildFile; fileRef = 10HOMET002FA4E929008A89D8 /* HomeViewModelTests.swift */; };
		10NAPP112FA4E929008A89D8 /* LimiApp.swift in Sources */ = {isa = PBXBuildFile; fileRef = 10NAPP012FA4E929008A89D8 /* LimiApp.swift */; };
		10NAPP122FA4E929008A89D8 /* AppDelegate.swift in Sources */ = {isa = PBXBuildFile; fileRef = 10NAPP022FA4E929008A89D8 /* AppDelegate.swift */; };
		10NET0112FA4E929008A89D8 /* BLEDevice.swift in Sources */ = {isa = PBXBuildFile; fileRef = 10NET0012FA4E929008A89D8 /* BLEDevice.swift */; };
		10NET0122FA4E929008A89D8 /* PingPoller.swift in Sources */ = {isa = PBXBuildFile; fileRef = 10NET0022FA4E929008A89D8 /* PingPoller.swift */; };
		10NET0132FA4E929008A89D8 /* BonjourServiceBrowser.swift in Sources */ = {isa = PBXBuildFile; fileRef = 10NET0032FA4E929008A89D8 /* BonjourServiceBrowser.swift */; };
		10PH13A02FA4E929008A89D8 /* LimiAPIError.swift in Sources */ = {isa = PBXBuildFile; fileRef = 10PH13A01FA4E929008A89D8 /* LimiAPIError.swift */; };
		10PH13B01FA4E929008A89D8 /* LimiHTTPClientTests.swift in Sources */ = {isa = PBXBuildFile; fileRef = 10PH13B03FA4E929008A89D8 /* LimiHTTPClientTests.swift */; };
		10PH13B02FA4E929008A89D8 /* LimiURLProtocolStub.swift in Sources */ = {isa = PBXBuildFile; fileRef = 10PH13B04FA4E929008A89D8 /* LimiURLProtocolStub.swift */; };
		10PHMT0112FA4E929008A89D8 /* AuthManagerTests.swift in Sources */ = {isa = PBXBuildFile; fileRef = 10PHMT0012FA4E929008A89D8 /* AuthManagerTests.swift */; };
		10PHMT0122FA4E929008A89D8 /* LimiAPIErrorTests.swift in Sources */ = {isa = PBXBuildFile; fileRef = 10PHMT0022FA4E929008A89D8 /* LimiAPIErrorTests.swift */; };
		10PHMT0132FA4E929008A89D8 /* ConfiguratorModelStoreTests.swift in Sources */ = {isa = PBXBuildFile; fileRef = 10PHMT0032FA4E929008A89D8 /* ConfiguratorModelStoreTests.swift */; };
		10RPMT012FA4E929008A89D8 /* RoomPlanUploadServiceTests.swift in Sources */ = {isa = PBXBuildFile; fileRef = 10RPMT002FA4E929008A89D8 /* RoomPlanUploadServiceTests.swift */; };
		10RPMT0132FA4E929008A89D8 /* RoomCaptureViewModelTests.swift in Sources */ = {isa = PBXBuildFile; fileRef = 10RPMT0032FA4E929008A89D8 /* RoomCaptureViewModelTests.swift */; };
		10SHD0112FA4E929008A89D8 /* VisualEffectBlur.swift in Sources */ = {isa = PBXBuildFile; fileRef = 10SHD0012FA4E929008A89D8 /* VisualEffectBlur.swift */; };
		10SHD0122FA4E929008A89D8 /* RainbowSlider.swift in Sources */ = {isa = PBXBuildFile; fileRef = 10SHD0022FA4E929008A89D8 /* RainbowSlider.swift */; };
		10SHD0132FA4E929008A89D8 /* LimiModalChrome.swift in Sources */ = {isa = PBXBuildFile; fileRef = 10SHD0032FA4E929008A89D8 /* LimiModalChrome.swift */; };
		9A5AFD7B2DDC35EC00B785BE /* RoomPlan.framework in Frameworks */ = {isa = PBXBuildFile; fileRef = 9A5AFD7A2DDC35EC00B785BE /* RoomPlan.framework */; };
		9A6A3D622E8BC3FC00924422 /* SocketIO in Frameworks */ = {isa = PBXBuildFile; productRef = 9A6A3D612E8BC3FC00924422 /* SocketIO */; };
		9A6D930C2E574609009B2808 /* ARKit.framework in Frameworks */ = {isa = PBXBuildFile; fileRef = 9ABD247C2DA57617003A5A22 /* ARKit.framework */; };
		9A6D93102E5746AC009B2808 /* RealityKit.framework in Frameworks */ = {isa = PBXBuildFile; fileRef = 9A6D930F2E5746AC009B2808 /* RealityKit.framework */; };
		9A78A3142D8A7E4100F01E0D /* SDWebImageSwiftUI in Frameworks */ = {isa = PBXBuildFile; productRef = 9A78A3132D8A7E4100F01E0D /* SDWebImageSwiftUI */; };
		9A87FD1C2E69B49600C02EEE /* WebRTC in Frameworks */ = {isa = PBXBuildFile; productRef = 9A87FD1B2E69B49600C02EEE /* WebRTC */; };
		9A9D0CE62DD30B6900A8C1B3 /* FocusEntity in Frameworks */ = {isa = PBXBuildFile; productRef = 9A9D0CE52DD30B6900A8C1B3 /* FocusEntity */; };
		9ABFFE3B2D6F20AF00FCA582 /* modela.usdz in Resources */ = {isa = PBXBuildFile; fileRef = 9ABFFE3A2D6F20AF00FCA582 /* modela.usdz */; };
		9ABFFE502D6F38BC00FCA582 /* Bulbs.usdz in Resources */ = {isa = PBXBuildFile; fileRef = 9ABFFE4F2D6F38BC00FCA582 /* Bulbs.usdz */; };
		9ACC85E72D731F33009F2DD5 /* README.md in Resources */ = {isa = PBXBuildFile; fileRef = 9ACC85E62D731F23009F2DD5 /* README.md */; };
		9ADA72EC2D6DD73C0044A7CF /* Amenti-Medium.ttf in Resources */ = {isa = PBXBuildFile; fileRef = 9ADA72D22D6DD73C0044A7CF /* Amenti-Medium.ttf */; };
		9ADA72ED2D6DD73C0044A7CF /* Poppins-Light.ttf in Resources */ = {isa = PBXBuildFile; fileRef = 9ADA72E22D6DD73C0044A7CF /* Poppins-Light.ttf */; };
		9ADA72EE2D6DD73C0044A7CF /* Poppins-ExtraLight.ttf in Resources */ = {isa = PBXBuildFile; fileRef = 9ADA72DF2D6DD73C0044A7CF /* Poppins-ExtraLight.ttf */; };
		9ADA72EF2D6DD73C0044A7CF /* info.txt in Resources */ = {isa = PBXBuildFile; fileRef = 9ADA72D72D6DD73C0044A7CF /* info.txt */; };
		9ADA72F02D6DD73C0044A7CF /* Poppins-SemiBold.ttf in Resources */ = {isa = PBXBuildFile; fileRef = 9ADA72E72D6DD73C0044A7CF /* Poppins-SemiBold.ttf */; };
		9ADA72F12D6DD73C0044A7CF /* Amenti-Thin.otf in Resources */ = {isa = PBXBuildFile; fileRef = 9ADA72D52D6DD73C0044A7CF /* Amenti-Thin.otf */; };
		9ADA72F22D6DD73C0044A7CF /* Amenti-Black.ttf in Resources */ = {isa = PBXBuildFile; fileRef = 9ADA72D02D6DD73C0044A7CF /* Amenti-Black.ttf */; };
		9ADA72F32D6DD73C0044A7CF /* Amenti-Regular.otf in Resources */ = {isa = PBXBuildFile; fileRef = 9ADA72D32D6DD73C0044A7CF /* Amenti-Regular.otf */; };
		9ADA72F42D6DD73C0044A7CF /* Poppins-MediumItalic.ttf in Resources */ = {isa = PBXBuildFile; fileRef = 9ADA72E52D6DD73C0044A7CF /* Poppins-MediumItalic.ttf */; };
		9ADA72F52D6DD73C0044A7CF /* Poppins-Thin.ttf in Resources */ = {isa = PBXBuildFile; fileRef = 9ADA72E92D6DD73C0044A7CF /* Poppins-Thin.ttf */; };
		9ADA72F62D6DD73C0044A7CF /* Poppins-Regular.ttf in Resources */ = {isa = PBXBuildFile; fileRef = 9ADA72E62D6DD73C0044A7CF /* Poppins-Regular.ttf */; };
		9ADA72F72D6DD73C0044A7CF /* Amenti-Light.otf in Resources */ = {isa = PBXBuildFile; fileRef = 9ADA72D42D6DD73C0044A7CF /* Amenti-Light.otf */; };
		9ADA72F82D6DD73C0044A7CF /* Amenti-Bold.ttf in Resources */ = {isa = PBXBuildFile; fileRef = 9ADA72D12D6DD73C0044A7CF /* Amenti-Bold.ttf */; };
		9ADA72F92D6DD73C0044A7CF /* Poppins-ExtraBoldItalic.ttf in Resources */ = {isa = PBXBuildFile; fileRef = 9ADA72DE2D6DD73C0044A7CF /* Poppins-ExtraBoldItalic.ttf */; };
		9ADA72FA2D6DD73C0044A7CF /* Poppins-LightItalic.ttf in Resources */ = {isa = PBXBuildFile; fileRef = 9ADA72E32D6DD73C0044A7CF /* Poppins-LightItalic.ttf */; };
		9ADA72FB2D6DD73C0044A7CF /* Poppins-BlackItalic.ttf in Resources */ = {isa = PBXBuildFile; fileRef = 9ADA72DA2D6DD73C0044A7CF /* Poppins-BlackItalic.ttf */; };
		9ADA72FC2D6DD73C0044A7CF /* Amenti-Vf.ttf in Resources */ = {isa = PBXBuildFile; fileRef = 9ADA72D62D6DD73C0044A7CF /* Amenti-Vf.ttf */; };
		9ADA72FD2D6DD73C0044A7CF /* Poppins-Italic.ttf in Resources */ = {isa = PBXBuildFile; fileRef = 9ADA72E12D6DD73C0044A7CF /* Poppins-Italic.ttf */; };
		9ADA72FE2D6DD73C0044A7CF /* Poppins-ExtraBold.ttf in Resources */ = {isa = PBXBuildFile; fileRef = 9ADA72DD2D6DD73C0044A7CF /* Poppins-ExtraBold.ttf */; };
		9ADA72FF2D6DD73C0044A7CF /* Poppins-ExtraLightItalic.ttf in Resources */ = {isa = PBXBuildFile; fileRef = 9ADA72E02D6DD73C0044A7CF /* Poppins-ExtraLightItalic.ttf */; };
		9ADA73002D6DD73C0044A7CF /* Poppins-ThinItalic.ttf in Resources */ = {isa = PBXBuildFile; fileRef = 9ADA72EA2D6DD73C0044A7CF /* Poppins-ThinItalic.ttf */; };
		9ADA73012D6DD73C0044A7CF /* Poppins-Black.ttf in Resources */ = {isa = PBXBuildFile; fileRef = 9ADA72D92D6DD73C0044A7CF /* Poppins-Black.ttf */; };
		9ADA73022D6DD73C0044A7CF /* Poppins-SemiBoldItalic.ttf in Resources */ = {isa = PBXBuildFile; fileRef = 9ADA72E82D6DD73C0044A7CF /* Poppins-SemiBoldItalic.ttf */; };
		9ADA73032D6DD73C0044A7CF /* Poppins-BoldItalic.ttf in Resources */ = {isa = PBXBuildFile; fileRef = 9ADA72DC2D6DD73C0044A7CF /* Poppins-BoldItalic.ttf */; };
		9ADA73042D6DD73C0044A7CF /* OFL.txt in Resources */ = {isa = PBXBuildFile; fileRef = 9ADA72D82D6DD73C0044A7CF /* OFL.txt */; };
		9ADA73052D6DD73C0044A7CF /* Poppins-Bold.ttf in Resources */ = {isa = PBXBuildFile; fileRef = 9ADA72DB2D6DD73C0044A7CF /* Poppins-Bold.ttf */; };
		9ADA73062D6DD73C0044A7CF /* Poppins-Medium.ttf in Resources */ = {isa = PBXBuildFile; fileRef = 9ADA72E42D6DD73C0044A7CF /* Poppins-Medium.ttf */; };
		9AF2B1BC2D7D59A1003D366D /* FLAnimatedImage in Frameworks */ = {isa = PBXBuildFile; productRef = 9AF2B1BB2D7D59A1003D366D /* FLAnimatedImage */; };
		9AF3A3AB2DA58E8E004EADAA /* Metal.framework in Frameworks */ = {isa = PBXBuildFile; fileRef = 9AF3A3AA2DA58E8E004EADAA /* Metal.framework */; };
		F0D4FABE48D85AE338C5F153 /* Pods_Limi.framework in Frameworks */ = {isa = PBXBuildFile; fileRef = B57549563DDD14E44449F681 /* Pods_Limi.framework */; };
/* End PBXBuildFile section */

/* Begin PBXBuildRule section */
		9A5167052E30FB660054AE83 /* PBXBuildRule */ = {
			isa = PBXBuildRule;
			compilerSpec = com.apple.compilers.proxy.script;
			fileType = folder.rkassets;
			inputFiles = (
			);
			isEditable = 1;
			outputFiles = (
			);
			script = "# realitytool\n";
		};
/* End PBXBuildRule section */

/* Begin PBXContainerItemProxy section */
		10PH13D04FA4E929008A89D8 /* PBXContainerItemProxy */ = {
			isa = PBXContainerItemProxy;
			containerPortal = 9ADA720C2D6DD6D80044A7CF /* Project object */;
			proxyType = 1;
			remoteGlobalIDString = 9ADA72132D6DD6D80044A7CF;
			remoteInfo = Limi;
		};
/* End PBXContainerItemProxy section */

/* Begin PBXFileReference section */
		105F47242FA4E929008A89D8 /* LocationManager.swift */ = {isa = PBXFileReference; lastKnownFileType = sourcecode.swift; path = LocationManager.swift; sourceTree = "<group>"; };
		105F472E2FA4E929008A89D8 /* AuthResponseParsing.swift */ = {isa = PBXFileReference; lastKnownFileType = sourcecode.swift; path = AuthResponseParsing.swift; sourceTree = "<group>"; };
		105F472F2FA4E929008A89D8 /* ManagerAPI.swift */ = {isa = PBXFileReference; lastKnownFileType = sourcecode.swift; path = ManagerAPI.swift; sourceTree = "<group>"; };
		105F47302FA4E929008A89D8 /* WeatherData.swift */ = {isa = PBXFileReference; lastKnownFileType = sourcecode.swift; path = WeatherData.swift; sourceTree = "<group>"; };
		105F47312FA4E929008A89D8 /* WeatherService.swift */ = {isa = PBXFileReference; lastKnownFileType = sourcecode.swift; path = WeatherService.swift; sourceTree = "<group>"; };
		105F47322FA4E929008A89D8 /* LimiHTTPClient.swift */ = {isa = PBXFileReference; lastKnownFileType = sourcecode.swift; path = LimiHTTPClient.swift; sourceTree = "<group>"; };
		105F47332FA4E929008A89D8 /* LimiDeviceAPI.swift */ = {isa = PBXFileReference; lastKnownFileType = sourcecode.swift; path = LimiDeviceAPI.swift; sourceTree = "<group>"; };
		105F47342FA4E929008A89D8 /* LimiConfiguratorAPI.swift */ = {isa = PBXFileReference; lastKnownFileType = sourcecode.swift; path = LimiConfiguratorAPI.swift; sourceTree = "<group>"; };
		105F47352FA4E929008A89D8 /* LimiAPIAuthPolicy.swift */ = {isa = PBXFileReference; lastKnownFileType = sourcecode.swift; path = LimiAPIAuthPolicy.swift; sourceTree = "<group>"; };
		105F47472FA4E929008A89D8 /* AuthManger.swift */ = {isa = PBXFileReference; lastKnownFileType = sourcecode.swift; path = AuthManger.swift; sourceTree = "<group>"; };
		105F474A2FA4E929008A89D8 /* Color.swift */ = {isa = PBXFileReference; lastKnownFileType = sourcecode.swift; path = Color.swift; sourceTree = "<group>"; };
		105F474B2FA4E929008A89D8 /* LimiDesignSystem.swift */ = {isa = PBXFileReference; lastKnownFileType = sourcecode.swift; path = LimiDesignSystem.swift; sourceTree = "<group>"; };
		105F474C2FA4E929008A89D8 /* NeumorphicSystem.swift */ = {isa = PBXFileReference; lastKnownFileType = sourcecode.swift; path = NeumorphicSystem.swift; sourceTree = "<group>"; };
		105F47512FA4E929008A89D8 /* LanguageSettings.swift */ = {isa = PBXFileReference; lastKnownFileType = sourcecode.swift; path = LanguageSettings.swift; sourceTree = "<group>"; };
		105F47532FA4E929008A89D8 /* NetworkMonitor.swift */ = {isa = PBXFileReference; lastKnownFileType = sourcecode.swift; path = NetworkMonitor.swift; sourceTree = "<group>"; };
		105F476A2FA4E929008A89D8 /* FloatingAssistantManager.swift */ = {isa = PBXFileReference; lastKnownFileType = sourcecode.swift; path = FloatingAssistantManager.swift; sourceTree = "<group>"; };
		105F476B2FA4E929008A89D8 /* FloatingRootViewController.swift */ = {isa = PBXFileReference; lastKnownFileType = sourcecode.swift; path = FloatingRootViewController.swift; sourceTree = "<group>"; };
		105F476C2FA4E929008A89D8 /* FloatingWindow.swift */ = {isa = PBXFileReference; lastKnownFileType = sourcecode.swift; path = FloatingWindow.swift; sourceTree = "<group>"; };
		105F47A12FA4E929008A89D8 /* SocketIOExample.swift */ = {isa = PBXFileReference; lastKnownFileType = sourcecode.swift; path = SocketIOExample.swift; sourceTree = "<group>"; };
		105F47EF2FA4E929008A89D8 /* LightControllingSocket.swift */ = {isa = PBXFileReference; lastKnownFileType = sourcecode.swift; path = LightControllingSocket.swift; sourceTree = "<group>"; };
		105F47FD2FA4E929008A89D8 /* AuthManager.swift */ = {isa = PBXFileReference; lastKnownFileType = sourcecode.swift; path = AuthManager.swift; sourceTree = "<group>"; };
		10AB0000000000000000C001 /* LimiCommand.swift */ = {isa = PBXFileReference; lastKnownFileType = sourcecode.swift; path = LimiCommand.swift; sourceTree = "<group>"; };
		10AB0000000000000000C002 /* Door.swift */ = {isa = PBXFileReference; lastKnownFileType = sourcecode.swift; path = Door.swift; sourceTree = "<group>"; };
		10AB0000000000000000C003 /* DeviceTransportState.swift */ = {isa = PBXFileReference; lastKnownFileType = sourcecode.swift; path = DeviceTransportState.swift; sourceTree = "<group>"; };
		10AB0000000000000000C004 /* DeviceTransportRegistry.swift */ = {isa = PBXFileReference; lastKnownFileType = sourcecode.swift; path = DeviceTransportRegistry.swift; sourceTree = "<group>"; };
		10AB0000000000000000C005 /* MQTTClientProtocol.swift */ = {isa = PBXFileReference; lastKnownFileType = sourcecode.swift; path = MQTTClientProtocol.swift; sourceTree = "<group>"; };
		10AB0000000000000000C006 /* SocketIOMQTTBridge.swift */ = {isa = PBXFileReference; lastKnownFileType = sourcecode.swift; path = SocketIOMQTTBridge.swift; sourceTree = "<group>"; };
		10AB0000000000000000C007 /* DeviceWebSocketClient.swift */ = {isa = PBXFileReference; lastKnownFileType = sourcecode.swift; path = DeviceWebSocketClient.swift; sourceTree = "<group>"; };
		10AB0000000000000000C008 /* BLELightWriter.swift */ = {isa = PBXFileReference; lastKnownFileType = sourcecode.swift; path = BLELightWriter.swift; sourceTree = "<group>"; };
		10AB0000000000000000C009 /* LimiTransport.swift */ = {isa = PBXFileReference; lastKnownFileType = sourcecode.swift; path = LimiTransport.swift; sourceTree = "<group>"; };
		10AB0000000000000000C00A /* LimiTransportError.swift */ = {isa = PBXFileReference; lastKnownFileType = sourcecode.swift; path = LimiTransportError.swift; sourceTree = "<group>"; };
		10AB0000000000000000C00B /* ThrottledSender.swift */ = {isa = PBXFileReference; lastKnownFileType = sourcecode.swift; path = ThrottledSender.swift; sourceTree = "<group>"; };
		10AB0000000000000000C00C /* TransportMediumPreference.swift */ = {isa = PBXFileReference; lastKnownFileType = sourcecode.swift; path = TransportMediumPreference.swift; sourceTree = "<group>"; };
		10ADD0012FA4E929008A89D8 /* AddDeviceCoordinator.swift */ = {isa = PBXFileReference; lastKnownFileType = sourcecode.swift; path = AddDeviceCoordinator.swift; sourceTree = "<group>"; };
		10ADD0022FA4E929008A89D8 /* DemoScanDevicesViewModel.swift */ = {isa = PBXFileReference; lastKnownFileType = sourcecode.swift; path = DemoScanDevicesViewModel.swift; sourceTree = "<group>"; };
		10ADD0032FA4E929008A89D8 /* DemoScanBluetoothAdapter.swift */ = {isa = PBXFileReference; lastKnownFileType = sourcecode.swift; path = DemoScanBluetoothAdapter.swift; sourceTree = "<group>"; };
		10ADD0042FA4E929008A89D8 /* AnimatedSearchButton.swift */ = {isa = PBXFileReference; lastKnownFileType = sourcecode.swift; path = AnimatedSearchButton.swift; sourceTree = "<group>"; };
		10ADD0052FA4E929008A89D8 /* DevicesButton.swift */ = {isa = PBXFileReference; lastKnownFileType = sourcecode.swift; path = DevicesButton.swift; sourceTree = "<group>"; };
		10ADDT002FA4E929008A89D8 /* DemoScanDevicesViewModelTests.swift */ = {isa = PBXFileReference; lastKnownFileType = sourcecode.swift; path = DemoScanDevicesViewModelTests.swift; sourceTree = "<group>"; };
		10AICH0012FA4E929008A89D8 /* VoiceChatModels.swift */ = {isa = PBXFileReference; lastKnownFileType = sourcecode.swift; path = VoiceChatModels.swift; sourceTree = "<group>"; };
		10AICH0022FA4E929008A89D8 /* VoiceBackendEnvironment.swift */ = {isa = PBXFileReference; lastKnownFileType = sourcecode.swift; path = VoiceBackendEnvironment.swift; sourceTree = "<group>"; };
		10AICH0032FA4E929008A89D8 /* VoiceSessionService.swift */ = {isa = PBXFileReference; lastKnownFileType = sourcecode.swift; path = VoiceSessionService.swift; sourceTree = "<group>"; };
		10AICH0042FA4E929008A89D8 /* VoiceViewModel.swift */ = {isa = PBXFileReference; lastKnownFileType = sourcecode.swift; path = VoiceViewModel.swift; sourceTree = "<group>"; };
		10AICH0052FA4E929008A89D8 /* VoiceChatBubbles.swift */ = {isa = PBXFileReference; lastKnownFileType = sourcecode.swift; path = VoiceChatBubbles.swift; sourceTree = "<group>"; };
		10AICH0062FA4E929008A89D8 /* VoicePresenceLayout.swift */ = {isa = PBXFileReference; lastKnownFileType = sourcecode.swift; path = VoicePresenceLayout.swift; sourceTree = "<group>"; };
		10AICH0072FA4E929008A89D8 /* VoiceChatModeLayout.swift */ = {isa = PBXFileReference; lastKnownFileType = sourcecode.swift; path = VoiceChatModeLayout.swift; sourceTree = "<group>"; };
		10AICHT002FA4E929008A89D8 /* VoiceViewModelTests.swift */ = {isa = PBXFileReference; lastKnownFileType = sourcecode.swift; path = VoiceViewModelTests.swift; sourceTree = "<group>"; };
		10APP0012FA4E929008A89D8 /* DependencyProtocols.swift */ = {isa = PBXFileReference; lastKnownFileType = sourcecode.swift; path = DependencyProtocols.swift; sourceTree = "<group>"; };
		10APP0022FA4E929008A89D8 /* AppEnvironment.swift */ = {isa = PBXFileReference; lastKnownFileType = sourcecode.swift; path = AppEnvironment.swift; sourceTree = "<group>"; };
		10APPT002FA4E929008A89D8 /* AppEnvironmentTests.swift */ = {isa = PBXFileReference; lastKnownFileType = sourcecode.swift; path = AppEnvironmentTests.swift; sourceTree = "<group>"; };
		10AR0012FA4E929008A89D8 /* ARSessionViewModel.swift */ = {isa = PBXFileReference; lastKnownFileType = sourcecode.swift; path = ARSessionViewModel.swift; sourceTree = "<group>"; };
		10ART002FA4E929008A89D8 /* ARSessionViewModelTests.swift */ = {isa = PBXFileReference; lastKnownFileType = sourcecode.swift; path = ARSessionViewModelTests.swift; sourceTree = "<group>"; };
		10AUTH0012FA4E929008A89D8 /* AuthRoute.swift */ = {isa = PBXFileReference; lastKnownFileType = sourcecode.swift; path = AuthRoute.swift; sourceTree = "<group>"; };
		10AUTH0022FA4E929008A89D8 /* GetStartViewModel.swift */ = {isa = PBXFileReference; lastKnownFileType = sourcecode.swift; path = GetStartViewModel.swift; sourceTree = "<group>"; };
		10AUTH0032FA4E929008A89D8 /* InstallerLoginService.swift */ = {isa = PBXFileReference; lastKnownFileType = sourcecode.swift; path = InstallerLoginService.swift; sourceTree = "<group>"; };
		10AUTH0042FA4E929008A89D8 /* InstallerLoginResponse.swift */ = {isa = PBXFileReference; lastKnownFileType = sourcecode.swift; path = InstallerLoginResponse.swift; sourceTree = "<group>"; };
		10BCB0012FA4E929008A89D8 /* BluetoothManager.swift */ = {isa = PBXFileReference; lastKnownFileType = sourcecode.swift; path = BluetoothManager.swift; sourceTree = "<group>"; };
		10BCB0022FA4E929008A89D8 /* BluetoothManager+BackgroundScan.swift */ = {isa = PBXFileReference; lastKnownFileType = sourcecode.swift; path = "BluetoothManager+BackgroundScan.swift"; sourceTree = "<group>"; };
		10BCB0032FA4E929008A89D8 /* BluetoothManager+GATTWrite.swift */ = {isa = PBXFileReference; lastKnownFileType = sourcecode.swift; path = "BluetoothManager+GATTWrite.swift"; sourceTree = "<group>"; };
		10BCB0042FA4E929008A89D8 /* BluetoothManager+WifiProvisioning.swift */ = {isa = PBXFileReference; lastKnownFileType = sourcecode.swift; path = "BluetoothManager+WifiProvisioning.swift"; sourceTree = "<group>"; };
		10BCB0052FA4E929008A89D8 /* BluetoothDeviceState.swift */ = {isa = PBXFileReference; lastKnownFileType = sourcecode.swift; path = BluetoothDeviceState.swift; sourceTree = "<group>"; };
		10BCB0062FA4E929008A89D8 /* ContextManager.swift */ = {isa = PBXFileReference; lastKnownFileType = sourcecode.swift; path = ContextManager.swift; sourceTree = "<group>"; };
		10BCB0072FA4E929008A89D8 /* GlobalVariables.swift */ = {isa = PBXFileReference; lastKnownFileType = sourcecode.swift; path = GlobalVariables.swift; sourceTree = "<group>"; };
		10BCB0082FA4E929008A89D8 /* AppRouter.swift */ = {isa = PBXFileReference; lastKnownFileType = sourcecode.swift; path = AppRouter.swift; sourceTree = "<group>"; };
		10BCB0092FA4E929008A89D8 /* HomeRoute.swift */ = {isa = PBXFileReference; lastKnownFileType = sourcecode.swift; path = HomeRoute.swift; sourceTree = "<group>"; };
		10CFG0012FA4E929008A89D8 /* LightConfigModels.swift */ = {isa = PBXFileReference; lastKnownFileType = sourcecode.swift; path = LightConfigModels.swift; sourceTree = "<group>"; };
		10CFG0022FA4E929008A89D8 /* ConfiguratorDownloadService.swift */ = {isa = PBXFileReference; lastKnownFileType = sourcecode.swift; path = ConfiguratorDownloadService.swift; sourceTree = "<group>"; };
		10CFG0032FA4E929008A89D8 /* ConfiguratorViewModel.swift */ = {isa = PBXFileReference; lastKnownFileType = sourcecode.swift; path = ConfiguratorViewModel.swift; sourceTree = "<group>"; };
		10HOME0012FA4E929008A89D8 /* HomeRuntimeAdapters.swift */ = {isa = PBXFileReference; lastKnownFileType = sourcecode.swift; path = HomeRuntimeAdapters.swift; sourceTree = "<group>"; };
		10HOME0022FA4E929008A89D8 /* WeatherWidgetView.swift */ = {isa = PBXFileReference; lastKnownFileType = sourcecode.swift; path = WeatherWidgetView.swift; sourceTree = "<group>"; };
		10HOME0032FA4E929008A89D8 /* WeatherViewModel.swift */ = {isa = PBXFileReference; lastKnownFileType = sourcecode.swift; path = WeatherViewModel.swift; sourceTree = "<group>"; };
		10HOME0042FA4E929008A89D8 /* EnhancedBottomNavigationView.swift */ = {isa = PBXFileReference; lastKnownFileType = sourcecode.swift; path = EnhancedBottomNavigationView.swift; sourceTree = "<group>"; };
		10HOME0052FA4E929008A89D8 /* WebView.swift */ = {isa = PBXFileReference; lastKnownFileType = sourcecode.swift; path = WebView.swift; sourceTree = "<group>"; };
		10HOME0062FA4E929008A89D8 /* ProfileEditView.swift */ = {isa = PBXFileReference; lastKnownFileType = sourcecode.swift; path = ProfileEditView.swift; sourceTree = "<group>"; };
		10HOMET002FA4E929008A89D8 /* HomeViewModelTests.swift */ = {isa = PBXFileReference; lastKnownFileType = sourcecode.swift; path = HomeViewModelTests.swift; sourceTree = "<group>"; };
		10NAPP012FA4E929008A89D8 /* LimiApp.swift */ = {isa = PBXFileReference; lastKnownFileType = sourcecode.swift; path = LimiApp.swift; sourceTree = "<group>"; };
		10NAPP022FA4E929008A89D8 /* AppDelegate.swift */ = {isa = PBXFileReference; lastKnownFileType = sourcecode.swift; path = AppDelegate.swift; sourceTree = "<group>"; };
		10NET0012FA4E929008A89D8 /* BLEDevice.swift */ = {isa = PBXFileReference; lastKnownFileType = sourcecode.swift; path = BLEDevice.swift; sourceTree = "<group>"; };
		10NET0022FA4E929008A89D8 /* PingPoller.swift */ = {isa = PBXFileReference; lastKnownFileType = sourcecode.swift; path = PingPoller.swift; sourceTree = "<group>"; };
		10NET0032FA4E929008A89D8 /* BonjourServiceBrowser.swift */ = {isa = PBXFileReference; lastKnownFileType = sourcecode.swift; path = BonjourServiceBrowser.swift; sourceTree = "<group>"; };
		10PH13A01FA4E929008A89D8 /* LimiAPIError.swift */ = {isa = PBXFileReference; lastKnownFileType = sourcecode.swift; path = LimiAPIError.swift; sourceTree = "<group>"; };
		10PH13B03FA4E929008A89D8 /* LimiHTTPClientTests.swift */ = {isa = PBXFileReference; lastKnownFileType = sourcecode.swift; path = LimiHTTPClientTests.swift; sourceTree = "<group>"; };
		10PH13B04FA4E929008A89D8 /* LimiURLProtocolStub.swift */ = {isa = PBXFileReference; lastKnownFileType = sourcecode.swift; path = LimiURLProtocolStub.swift; sourceTree = "<group>"; };
		10PH13D03FA4E929008A89D8 /* LimiTests.xctest */ = {isa = PBXFileReference; explicitFileType = wrapper.cfbundle; includeInIndex = 0; path = LimiTests.xctest; sourceTree = BUILT_PRODUCTS_DIR; };
		10PH9D012FA4E929008A89D8 /* Limi-Debug.xcconfig */ = {isa = PBXFileReference; lastKnownFileType = text.xcconfig; path = "Limi-Debug.xcconfig"; sourceTree = "<group>"; };
		10PH9D022FA4E929008A89D8 /* Limi-Release.xcconfig */ = {isa = PBXFileReference; lastKnownFileType = text.xcconfig; path = "Limi-Release.xcconfig"; sourceTree = "<group>"; };
		10PHMT0012FA4E929008A89D8 /* AuthManagerTests.swift */ = {isa = PBXFileReference; lastKnownFileType = sourcecode.swift; path = AuthManagerTests.swift; sourceTree = "<group>"; };
		10PHMT0022FA4E929008A89D8 /* LimiAPIErrorTests.swift */ = {isa = PBXFileReference; lastKnownFileType = sourcecode.swift; path = LimiAPIErrorTests.swift; sourceTree = "<group>"; };
		10PHMT0032FA4E929008A89D8 /* ConfiguratorModelStoreTests.swift */ = {isa = PBXFileReference; lastKnownFileType = sourcecode.swift; path = ConfiguratorModelStoreTests.swift; sourceTree = "<group>"; };
		10RPM0012FA4E929008A89D8 /* RoomPlanUploadService.swift */ = {isa = PBXFileReference; lastKnownFileType = sourcecode.swift; path = RoomPlanUploadService.swift; sourceTree = "<group>"; };
		10RPM0022FA4E929008A89D8 /* RoomCaptureViewModel.swift */ = {isa = PBXFileReference; lastKnownFileType = sourcecode.swift; path = RoomCaptureViewModel.swift; sourceTree = "<group>"; };
		10RPM0032FA4E929008A89D8 /* RoomPlanListViewModel.swift */ = {isa = PBXFileReference; lastKnownFileType = sourcecode.swift; path = RoomPlanListViewModel.swift; sourceTree = "<group>"; };
		10RPMT002FA4E929008A89D8 /* RoomPlanUploadServiceTests.swift */ = {isa = PBXFileReference; lastKnownFileType = sourcecode.swift; path = RoomPlanUploadServiceTests.swift; sourceTree = "<group>"; };
		10RPMT0032FA4E929008A89D8 /* RoomCaptureViewModelTests.swift */ = {isa = PBXFileReference; lastKnownFileType = sourcecode.swift; path = RoomCaptureViewModelTests.swift; sourceTree = "<group>"; };
		10SHD0012FA4E929008A89D8 /* VisualEffectBlur.swift */ = {isa = PBXFileReference; lastKnownFileType = sourcecode.swift; path = VisualEffectBlur.swift; sourceTree = "<group>"; };
		10SHD0022FA4E929008A89D8 /* RainbowSlider.swift */ = {isa = PBXFileReference; lastKnownFileType = sourcecode.swift; path = RainbowSlider.swift; sourceTree = "<group>"; };
		10SHD0032FA4E929008A89D8 /* LimiModalChrome.swift */ = {isa = PBXFileReference; lastKnownFileType = sourcecode.swift; path = LimiModalChrome.swift; sourceTree = "<group>"; };
		10WLED0012FA4E929008A89D8 /* WLEDHTTPClient.swift */ = {isa = PBXFileReference; lastKnownFileType = sourcecode.swift; path = WLEDHTTPClient.swift; sourceTree = "<group>"; };
		10WLED0022FA4E929008A89D8 /* HotelRoomBluetoothAdapter.swift */ = {isa = PBXFileReference; lastKnownFileType = sourcecode.swift; path = HotelRoomBluetoothAdapter.swift; sourceTree = "<group>"; };
		10WLED0032FA4E929008A89D8 /* WLEDDiscoveryViewModel.swift */ = {isa = PBXFileReference; lastKnownFileType = sourcecode.swift; path = WLEDDiscoveryViewModel.swift; sourceTree = "<group>"; };
		10WLED0042FA4E929008A89D8 /* WLEDDeviceControlViewModel.swift */ = {isa = PBXFileReference; lastKnownFileType = sourcecode.swift; path = WLEDDeviceControlViewModel.swift; sourceTree = "<group>"; };
		10WLED0052FA4E929008A89D8 /* WLEDControlViewModel.swift */ = {isa = PBXFileReference; lastKnownFileType = sourcecode.swift; path = WLEDControlViewModel.swift; sourceTree = "<group>"; };
		10WLED0062FA4E929008A89D8 /* HubChannelControlViewModel.swift */ = {isa = PBXFileReference; lastKnownFileType = sourcecode.swift; path = HubChannelControlViewModel.swift; sourceTree = "<group>"; };
		26CAF47D956ADE8C97D67273 /* Pods-Limi.release.xcconfig */ = {isa = PBXFileReference; includeInIndex = 1; lastKnownFileType = text.xcconfig; name = "Pods-Limi.release.xcconfig"; path = "Target Support Files/Pods-Limi/Pods-Limi.release.xcconfig"; sourceTree = "<group>"; };
		41A8537098400FD0063056FC /* Pods-Limi.debug.xcconfig */ = {isa = PBXFileReference; includeInIndex = 1; lastKnownFileType = text.xcconfig; name = "Pods-Limi.debug.xcconfig"; path = "Target Support Files/Pods-Limi/Pods-Limi.debug.xcconfig"; sourceTree = "<group>"; };
		9A5AFD7A2DDC35EC00B785BE /* RoomPlan.framework */ = {isa = PBXFileReference; lastKnownFileType = wrapper.framework; name = RoomPlan.framework; path = System/Library/Frameworks/RoomPlan.framework; sourceTree = SDKROOT; };
		9A6D930F2E5746AC009B2808 /* RealityKit.framework */ = {isa = PBXFileReference; lastKnownFileType = wrapper.framework; name = RealityKit.framework; path = System/Library/Frameworks/RealityKit.framework; sourceTree = SDKROOT; };
		9A8310452DA135A300D84901 /* Limi.entitlements */ = {isa = PBXFileReference; lastKnownFileType = text.plist.entitlements; path = Limi.entitlements; sourceTree = "<group>"; };
		9ABD247C2DA57617003A5A22 /* ARKit.framework */ = {isa = PBXFileReference; lastKnownFileType = wrapper.framework; name = ARKit.framework; path = System/Library/Frameworks/ARKit.framework; sourceTree = SDKROOT; };
		9ABFFE3A2D6F20AF00FCA582 /* modela.usdz */ = {isa = PBXFileReference; lastKnownFileType = file; path = modela.usdz; sourceTree = "<group>"; };
		9ABFFE4F2D6F38BC00FCA582 /* Bulbs.usdz */ = {isa = PBXFileReference; lastKnownFileType = file; path = Bulbs.usdz; sourceTree = "<group>"; };
		9ACC85E62D731F23009F2DD5 /* README.md */ = {isa = PBXFileReference; lastKnownFileType = net.daringfireball.markdown; path = README.md; sourceTree = "<group>"; };
		9ADA72142D6DD6D80044A7CF /* LIMI AI.app */ = {isa = PBXFileReference; explicitFileType = wrapper.application; includeInIndex = 0; path = "LIMI AI.app"; sourceTree = BUILT_PRODUCTS_DIR; };
		9ADA72D02D6DD73C0044A7CF /* Amenti-Black.ttf */ = {isa = PBXFileReference; lastKnownFileType = file; path = "Amenti-Black.ttf"; sourceTree = "<group>"; };
		9ADA72D12D6DD73C0044A7CF /* Amenti-Bold.ttf */ = {isa = PBXFileReference; lastKnownFileType = file; path = "Amenti-Bold.ttf"; sourceTree = "<group>"; };
		9ADA72D22D6DD73C0044A7CF /* Amenti-Medium.ttf */ = {isa = PBXFileReference; lastKnownFileType = file; path = "Amenti-Medium.ttf"; sourceTree = "<group>"; };
		9ADA72D32D6DD73C0044A7CF /* Amenti-Regular.otf */ = {isa = PBXFileReference; lastKnownFileType = file; path = "Amenti-Regular.otf"; sourceTree = "<group>"; };
		9ADA72D42D6DD73C0044A7CF /* Amenti-Light.otf */ = {isa = PBXFileReference; lastKnownFileType = file; path = "Amenti-Light.otf"; sourceTree = "<group>"; };
		9ADA72D52D6DD73C0044A7CF /* Amenti-Thin.otf */ = {isa = PBXFileReference; lastKnownFileType = file; path = "Amenti-Thin.otf"; sourceTree = "<group>"; };
		9ADA72D62D6DD73C0044A7CF /* Amenti-Vf.ttf */ = {isa = PBXFileReference; lastKnownFileType = file; path = "Amenti-Vf.ttf"; sourceTree = "<group>"; };
		9ADA72D72D6DD73C0044A7CF /* info.txt */ = {isa = PBXFileReference; lastKnownFileType = text; path = info.txt; sourceTree = "<group>"; };
		9ADA72D82D6DD73C0044A7CF /* OFL.txt */ = {isa = PBXFileReference; lastKnownFileType = text; path = OFL.txt; sourceTree = "<group>"; };
		9ADA72D92D6DD73C0044A7CF /* Poppins-Black.ttf */ = {isa = PBXFileReference; lastKnownFileType = file; path = "Poppins-Black.ttf"; sourceTree = "<group>"; };
		9ADA72DA2D6DD73C0044A7CF /* Poppins-BlackItalic.ttf */ = {isa = PBXFileReference; lastKnownFileType = file; path = "Poppins-BlackItalic.ttf"; sourceTree = "<group>"; };
		9ADA72DB2D6DD73C0044A7CF /* Poppins-Bold.ttf */ = {isa = PBXFileReference; lastKnownFileType = file; path = "Poppins-Bold.ttf"; sourceTree = "<group>"; };
		9ADA72DC2D6DD73C0044A7CF /* Poppins-BoldItalic.ttf */ = {isa = PBXFileReference; lastKnownFileType = file; path = "Poppins-BoldItalic.ttf"; sourceTree = "<group>"; };
		9ADA72DD2D6DD73C0044A7CF /* Poppins-ExtraBold.ttf */ = {isa = PBXFileReference; lastKnownFileType = file; path = "Poppins-ExtraBold.ttf"; sourceTree = "<group>"; };
		9ADA72DE2D6DD73C0044A7CF /* Poppins-ExtraBoldItalic.ttf */ = {isa = PBXFileReference; lastKnownFileType = file; path = "Poppins-ExtraBoldItalic.ttf"; sourceTree = "<group>"; };
		9ADA72DF2D6DD73C0044A7CF /* Poppins-ExtraLight.ttf */ = {isa = PBXFileReference; lastKnownFileType = file; path = "Poppins-ExtraLight.ttf"; sourceTree = "<group>"; };
		9ADA72E02D6DD73C0044A7CF /* Poppins-ExtraLightItalic.ttf */ = {isa = PBXFileReference; lastKnownFileType = file; path = "Poppins-ExtraLightItalic.ttf"; sourceTree = "<group>"; };
		9ADA72E12D6DD73C0044A7CF /* Poppins-Italic.ttf */ = {isa = PBXFileReference; lastKnownFileType = file; path = "Poppins-Italic.ttf"; sourceTree = "<group>"; };
		9ADA72E22D6DD73C0044A7CF /* Poppins-Light.ttf */ = {isa = PBXFileReference; lastKnownFileType = file; path = "Poppins-Light.ttf"; sourceTree = "<group>"; };
		9ADA72E32D6DD73C0044A7CF /* Poppins-LightItalic.ttf */ = {isa = PBXFileReference; lastKnownFileType = file; path = "Poppins-LightItalic.ttf"; sourceTree = "<group>"; };
		9ADA72E42D6DD73C0044A7CF /* Poppins-Medium.ttf */ = {isa = PBXFileReference; lastKnownFileType = file; path = "Poppins-Medium.ttf"; sourceTree = "<group>"; };
		9ADA72E52D6DD73C0044A7CF /* Poppins-MediumItalic.ttf */ = {isa = PBXFileReference; lastKnownFileType = file; path = "Poppins-MediumItalic.ttf"; sourceTree = "<group>"; };
		9ADA72E62D6DD73C0044A7CF /* Poppins-Regular.ttf */ = {isa = PBXFileReference; lastKnownFileType = file; path = "Poppins-Regular.ttf"; sourceTree = "<group>"; };
		9ADA72E72D6DD73C0044A7CF /* Poppins-SemiBold.ttf */ = {isa = PBXFileReference; lastKnownFileType = file; path = "Poppins-SemiBold.ttf"; sourceTree = "<group>"; };
		9ADA72E82D6DD73C0044A7CF /* Poppins-SemiBoldItalic.ttf */ = {isa = PBXFileReference; lastKnownFileType = file; path = "Poppins-SemiBoldItalic.ttf"; sourceTree = "<group>"; };
		9ADA72E92D6DD73C0044A7CF /* Poppins-Thin.ttf */ = {isa = PBXFileReference; lastKnownFileType = file; path = "Poppins-Thin.ttf"; sourceTree = "<group>"; };
		9ADA72EA2D6DD73C0044A7CF /* Poppins-ThinItalic.ttf */ = {isa = PBXFileReference; lastKnownFileType = file; path = "Poppins-ThinItalic.ttf"; sourceTree = "<group>"; };
		9AF3A3AA2DA58E8E004EADAA /* Metal.framework */ = {isa = PBXFileReference; lastKnownFileType = wrapper.framework; name = Metal.framework; path = System/Library/Frameworks/Metal.framework; sourceTree = SDKROOT; };
		B57549563DDD14E44449F681 /* Pods_Limi.framework */ = {isa = PBXFileReference; explicitFileType = wrapper.framework; includeInIndex = 0; path = Pods_Limi.framework; sourceTree = BUILT_PRODUCTS_DIR; };
/* End PBXFileReference section */

/* Begin PBXFileSystemSynchronizedBuildFileExceptionSet section */
		105185162F050D9D001A2404 /* Exceptions for "Features" folder in "Limi" target */ = {
			isa = PBXFileSystemSynchronizedBuildFileExceptionSet;
			membershipExceptions = (
				Info.plist,
			);
			target = 9ADA72132D6DD6D80044A7CF /* Limi */;
		};
/* End PBXFileSystemSynchronizedBuildFileExceptionSet section */

/* Begin PBXFileSystemSynchronizedRootGroup section */
		9A6EFC5C2D8BB14500272B02 /* Features */ = {
			isa = PBXFileSystemSynchronizedRootGroup;
			exceptions = (
				105185162F050D9D001A2404 /* Exceptions for "Features" folder in "Limi" target */,
			);
			path = Features;
			sourceTree = "<group>";
		};
/* End PBXFileSystemSynchronizedRootGroup section */

/* Begin PBXFrameworksBuildPhase section */
		9ADA72112D6DD6D80044A7CF /* Frameworks */ = {
			isa = PBXFrameworksBuildPhase;
			buildActionMask = 2147483647;
			files = (
				9A6D93102E5746AC009B2808 /* RealityKit.framework in Frameworks */,
				9A6D930C2E574609009B2808 /* ARKit.framework in Frameworks */,
				9A5AFD7B2DDC35EC00B785BE /* RoomPlan.framework in Frameworks */,
				9A9D0CE62DD30B6900A8C1B3 /* FocusEntity in Frameworks */,
				9AF3A3AB2DA58E8E004EADAA /* Metal.framework in Frameworks */,
				10B43B762EF922970040610A /* SwiftLAME in Frameworks */,
				1042906F2F0004EE003BB7B4 /* AppAuthTV in Frameworks */,
				104604CC2EBB1446004D0557 /* GoogleSignIn in Frameworks */,
				9A87FD1C2E69B49600C02EEE /* WebRTC in Frameworks */,
				9A78A3142D8A7E4100F01E0D /* SDWebImageSwiftUI in Frameworks */,
				9AF2B1BC2D7D59A1003D366D /* FLAnimatedImage in Frameworks */,
				9A6A3D622E8BC3FC00924422 /* SocketIO in Frameworks */,
				104604CE2EBB1446004D0557 /* GoogleSignInSwift in Frameworks */,
				1042906B2F0004EE003BB7B4 /* AppAuth in Frameworks */,
				F0D4FABE48D85AE338C5F153 /* Pods_Limi.framework in Frameworks */,
				1042906D2F0004EE003BB7B4 /* AppAuthCore in Frameworks */,
			);
			runOnlyForDeploymentPostprocessing = 0;
		};
/* End PBXFrameworksBuildPhase section */

/* Begin PBXGroup section */
		105F48DC2FA56AA9008A89D8 /* Core */ = {
			isa = PBXGroup;
			children = (
				10NET0A02FA4E929008A89D8 /* Models */,
				105F48DD2FA56AA9008A89D8 /* Services */,
				105F48DE2FA56AA9008A89D8 /* Managers */,
				10BCB0B02FA4E929008A89D8 /* Utilities */,
				105F48DF2FA56AA9008A89D8 /* DesignSystem */,
			);
			path = Core;
			sourceTree = "<group>";
		};
		105F48DD2FA56AA9008A89D8 /* Services */ = {
			isa = PBXGroup;
			children = (
				105F48E02FA56AAD008A89D8 /* API */,
				105F48E12FA56AAD008A89D8 /* Networking */,
				105F48E22FA56C9B008A89D8 /* Auth */,
				10BCB0A02FA4E929008A89D8 /* Bluetooth */,
				105F48E32FA56D77008A89D8 /* Location */,
				105F48E42FA56F24008A89D8 /* WebSocket */,
				10AB0000000000000000A000 /* Transport */,
			);
			path = Services;
			sourceTree = "<group>";
		};
		105F48DE2FA56AA9008A89D8 /* Managers */ = {
			isa = PBXGroup;
			children = (
				105F47512FA4E929008A89D8 /* LanguageSettings.swift */,
				10BCB0062FA4E929008A89D8 /* ContextManager.swift */,
				105F476A2FA4E929008A89D8 /* FloatingAssistantManager.swift */,
				105F476B2FA4E929008A89D8 /* FloatingRootViewController.swift */,
				105F476C2FA4E929008A89D8 /* FloatingWindow.swift */,
			);
			path = Managers;
			sourceTree = "<group>";
		};
		105F48DF2FA56AA9008A89D8 /* DesignSystem */ = {
			isa = PBXGroup;
			children = (
				105F474A2FA4E929008A89D8 /* Color.swift */,
				105F474B2FA4E929008A89D8 /* LimiDesignSystem.swift */,
				105F474C2FA4E929008A89D8 /* NeumorphicSystem.swift */,
			);
			path = DesignSystem;
			sourceTree = "<group>";
		};
		105F48E02FA56AAD008A89D8 /* API */ = {
			isa = PBXGroup;
			children = (
				105F472F2FA4E929008A89D8 /* ManagerAPI.swift */,
				105F47322FA4E929008A89D8 /* LimiHTTPClient.swift */,
				105F47332FA4E929008A89D8 /* LimiDeviceAPI.swift */,
				105F47342FA4E929008A89D8 /* LimiConfiguratorAPI.swift */,
				105F47352FA4E929008A89D8 /* LimiAPIAuthPolicy.swift */,
				10PH13A01FA4E929008A89D8 /* LimiAPIError.swift */,
				105F47302FA4E929008A89D8 /* WeatherData.swift */,
				105F47312FA4E929008A89D8 /* WeatherService.swift */,
			);
			path = API;
			sourceTree = "<group>";
		};
		105F48E12FA56AAD008A89D8 /* Networking */ = {
			isa = PBXGroup;
			children = (
				105F47532FA4E929008A89D8 /* NetworkMonitor.swift */,
				10NET0022FA4E929008A89D8 /* PingPoller.swift */,
				10NET0032FA4E929008A89D8 /* BonjourServiceBrowser.swift */,
			);
			path = Networking;
			sourceTree = "<group>";
		};
		105F48E22FA56C9B008A89D8 /* Auth */ = {
			isa = PBXGroup;
			children = (
				105F47FD2FA4E929008A89D8 /* AuthManager.swift */,
				105F47472FA4E929008A89D8 /* AuthManger.swift */,
				105F472E2FA4E929008A89D8 /* AuthResponseParsing.swift */,
			);
			path = Auth;
			sourceTree = "<group>";
		};
		105F48E32FA56D77008A89D8 /* Location */ = {
			isa = PBXGroup;
			children = (
				105F47242FA4E929008A89D8 /* LocationManager.swift */,
			);
			path = Location;
			sourceTree = "<group>";
		};
		105F48E42FA56F24008A89D8 /* WebSocket */ = {
			isa = PBXGroup;
			children = (
				105F47EF2FA4E929008A89D8 /* LightControllingSocket.swift */,
				105F47A12FA4E929008A89D8 /* SocketIOExample.swift */,
			);
			path = WebSocket;
			sourceTree = "<group>";
		};
		10AB0000000000000000A000 /* Transport */ = {
			isa = PBXGroup;
			children = (
				10AB0000000000000000C001 /* LimiCommand.swift */,
				10AB0000000000000000C002 /* Door.swift */,
				10AB0000000000000000C003 /* DeviceTransportState.swift */,
				10AB0000000000000000C004 /* DeviceTransportRegistry.swift */,
				10AB0000000000000000C005 /* MQTTClientProtocol.swift */,
				10AB0000000000000000C006 /* SocketIOMQTTBridge.swift */,
				10AB0000000000000000C007 /* DeviceWebSocketClient.swift */,
				10AB0000000000000000C008 /* BLELightWriter.swift */,
				10AB0000000000000000C009 /* LimiTransport.swift */,
				10AB0000000000000000C00A /* LimiTransportError.swift */,
				10AB0000000000000000C00B /* ThrottledSender.swift */,
				10AB0000000000000000C00C /* TransportMediumPreference.swift */,
			);
			path = Transport;
			sourceTree = "<group>";
		};
		10ADD0A02FA4E929008A89D8 /* Features/AddDevice */ = {
			isa = PBXGroup;
			children = (
				10ADD0012FA4E929008A89D8 /* AddDeviceCoordinator.swift */,
				10ADD0B02FA4E929008A89D8 /* ViewModels */,
				10ADD0C02FA4E929008A89D8 /* Services */,
				10ADD0D02FA4E929008A89D8 /* Components */,
			);
			path = Features/AddDevice;
			sourceTree = "<group>";
		};
		10ADD0B02FA4E929008A89D8 /* ViewModels */ = {
			isa = PBXGroup;
			children = (
				10ADD0022FA4E929008A89D8 /* DemoScanDevicesViewModel.swift */,
			);
			path = ViewModels;
			sourceTree = "<group>";
		};
		10ADD0C02FA4E929008A89D8 /* Services */ = {
			isa = PBXGroup;
			children = (
				10ADD0032FA4E929008A89D8 /* DemoScanBluetoothAdapter.swift */,
			);
			path = Services;
			sourceTree = "<group>";
		};
		10ADD0D02FA4E929008A89D8 /* Components */ = {
			isa = PBXGroup;
			children = (
				10ADD0042FA4E929008A89D8 /* AnimatedSearchButton.swift */,
				10ADD0052FA4E929008A89D8 /* DevicesButton.swift */,
			);
			path = Components;
			sourceTree = "<group>";
		};
		10AICH0A02FA4E929008A89D8 /* Features/AIChat */ = {
			isa = PBXGroup;
			children = (
				10AICH0022FA4E929008A89D8 /* VoiceBackendEnvironment.swift */,
				10AICH0C02FA4E929008A89D8 /* Models */,
				10AICH0D02FA4E929008A89D8 /* Services */,
				10AICH0E02FA4E929008A89D8 /* ViewModels */,
				10AICH0B02FA4E929008A89D8 /* Components */,
			);
			path = Features/AIChat;
			sourceTree = "<group>";
		};
		10AICH0B02FA4E929008A89D8 /* Components */ = {
			isa = PBXGroup;
			children = (
				10AICH0052FA4E929008A89D8 /* VoiceChatBubbles.swift */,
				10AICH0062FA4E929008A89D8 /* VoicePresenceLayout.swift */,
				10AICH0072FA4E929008A89D8 /* VoiceChatModeLayout.swift */,
			);
			path = Components;
			sourceTree = "<group>";
		};
		10AICH0C02FA4E929008A89D8 /* Models */ = {
			isa = PBXGroup;
			children = (
				10AICH0012FA4E929008A89D8 /* VoiceChatModels.swift */,
			);
			path = Models;
			sourceTree = "<group>";
		};
		10AICH0D02FA4E929008A89D8 /* Services */ = {
			isa = PBXGroup;
			children = (
				10AICH0032FA4E929008A89D8 /* VoiceSessionService.swift */,
			);
			path = Services;
			sourceTree = "<group>";
		};
		10AICH0E02FA4E929008A89D8 /* ViewModels */ = {
			isa = PBXGroup;
			children = (
				10AICH0042FA4E929008A89D8 /* VoiceViewModel.swift */,
			);
			path = ViewModels;
			sourceTree = "<group>";
		};
		10AR0A02FA4E929008A89D8 /* Features/ARSession */ = {
			isa = PBXGroup;
			children = (
				10AR0E02FA4E929008A89D8 /* ViewModels */,
			);
			path = Features/ARSession;
			sourceTree = "<group>";
		};
		10AR0E02FA4E929008A89D8 /* ViewModels */ = {
			isa = PBXGroup;
			children = (
				10AR0012FA4E929008A89D8 /* ARSessionViewModel.swift */,
			);
			path = ViewModels;
			sourceTree = "<group>";
		};
		10AUTH0A02FA4E929008A89D8 /* Features/Authentication */ = {
			isa = PBXGroup;
			children = (
				10AUTH0B02FA4E929008A89D8 /* ViewModels */,
				10AUTH0C02FA4E929008A89D8 /* Services */,
				10AUTH0D02FA4E929008A89D8 /* Models */,
			);
			path = Features/Authentication;
			sourceTree = "<group>";
		};
		10AUTH0B02FA4E929008A89D8 /* ViewModels */ = {
			isa = PBXGroup;
			children = (
				10AUTH0022FA4E929008A89D8 /* GetStartViewModel.swift */,
			);
			path = ViewModels;
			sourceTree = "<group>";
		};
		10AUTH0C02FA4E929008A89D8 /* Services */ = {
			isa = PBXGroup;
			children = (
				10AUTH0032FA4E929008A89D8 /* InstallerLoginService.swift */,
			);
			path = Services;
			sourceTree = "<group>";
		};
		10AUTH0D02FA4E929008A89D8 /* Models */ = {
			isa = PBXGroup;
			children = (
				10AUTH0042FA4E929008A89D8 /* InstallerLoginResponse.swift */,
			);
			path = Models;
			sourceTree = "<group>";
		};
		10BCB0A02FA4E929008A89D8 /* Bluetooth */ = {
			isa = PBXGroup;
			children = (
				10BCB0012FA4E929008A89D8 /* BluetoothManager.swift */,
				10BCB0022FA4E929008A89D8 /* BluetoothManager+BackgroundScan.swift */,
				10BCB0032FA4E929008A89D8 /* BluetoothManager+GATTWrite.swift */,
				10BCB0042FA4E929008A89D8 /* BluetoothManager+WifiProvisioning.swift */,
				10BCB0052FA4E929008A89D8 /* BluetoothDeviceState.swift */,
			);
			path = Bluetooth;
			sourceTree = "<group>";
		};
		10BCB0B02FA4E929008A89D8 /* Utilities */ = {
			isa = PBXGroup;
			children = (
				10BCB0072FA4E929008A89D8 /* GlobalVariables.swift */,
			);
			path = Utilities;
			sourceTree = "<group>";
		};
		10BCB0C02FA4E929008A89D8 /* App */ = {
			isa = PBXGroup;
			children = (
				10NAPP012FA4E929008A89D8 /* LimiApp.swift */,
				10NAPP022FA4E929008A89D8 /* AppDelegate.swift */,
				10APP0012FA4E929008A89D8 /* DependencyProtocols.swift */,
				10APP0022FA4E929008A89D8 /* AppEnvironment.swift */,
				10BCB0082FA4E929008A89D8 /* AppRouter.swift */,
				10BCB0092FA4E929008A89D8 /* HomeRoute.swift */,
				10AUTH0012FA4E929008A89D8 /* AuthRoute.swift */,
			);
			path = App;
			sourceTree = "<group>";
		};
		10CFG0A02FA4E929008A89D8 /* Features/Configurator */ = {
			isa = PBXGroup;
			children = (
				10CFG0C02FA4E929008A89D8 /* Models */,
				10CFG0D02FA4E929008A89D8 /* Services */,
				10CFG0E02FA4E929008A89D8 /* ViewModels */,
			);
			path = Features/Configurator;
			sourceTree = "<group>";
		};
		10CFG0C02FA4E929008A89D8 /* Models */ = {
			isa = PBXGroup;
			children = (
				10CFG0012FA4E929008A89D8 /* LightConfigModels.swift */,
			);
			path = Models;
			sourceTree = "<group>";
		};
		10CFG0D02FA4E929008A89D8 /* Services */ = {
			isa = PBXGroup;
			children = (
				10CFG0022FA4E929008A89D8 /* ConfiguratorDownloadService.swift */,
			);
			path = Services;
			sourceTree = "<group>";
		};
		10CFG0E02FA4E929008A89D8 /* ViewModels */ = {
			isa = PBXGroup;
			children = (
				10CFG0032FA4E929008A89D8 /* ConfiguratorViewModel.swift */,
			);
			path = ViewModels;
			sourceTree = "<group>";
		};
		10HOME0A02FA4E929008A89D8 /* Features/Home */ = {
			isa = PBXGroup;
			children = (
				10HOME0012FA4E929008A89D8 /* HomeRuntimeAdapters.swift */,
				10HOME0B02FA4E929008A89D8 /* Components */,
			);
			path = Features/Home;
			sourceTree = "<group>";
		};
		10HOME0B02FA4E929008A89D8 /* Components */ = {
			isa = PBXGroup;
			children = (
				10HOME0022FA4E929008A89D8 /* WeatherWidgetView.swift */,
				10HOME0032FA4E929008A89D8 /* WeatherViewModel.swift */,
				10HOME0042FA4E929008A89D8 /* EnhancedBottomNavigationView.swift */,
				10HOME0052FA4E929008A89D8 /* WebView.swift */,
				10HOME0062FA4E929008A89D8 /* ProfileEditView.swift */,
			);
			path = Components;
			sourceTree = "<group>";
		};
		10NET0A02FA4E929008A89D8 /* Models */ = {
			isa = PBXGroup;
			children = (
				10NET0012FA4E929008A89D8 /* BLEDevice.swift */,
			);
			path = Models;
			sourceTree = "<group>";
		};
		10PH13B05FA4E929008A89D8 /* Tests */ = {
			isa = PBXGroup;
			children = (
				10PH13B03FA4E929008A89D8 /* LimiHTTPClientTests.swift */,
				10PH13B04FA4E929008A89D8 /* LimiURLProtocolStub.swift */,
				10HOMET002FA4E929008A89D8 /* HomeViewModelTests.swift */,
				10ADDT002FA4E929008A89D8 /* DemoScanDevicesViewModelTests.swift */,
				10AICHT002FA4E929008A89D8 /* VoiceViewModelTests.swift */,
				10ART002FA4E929008A89D8 /* ARSessionViewModelTests.swift */,
				10RPMT002FA4E929008A89D8 /* RoomPlanUploadServiceTests.swift */,
				10RPMT0032FA4E929008A89D8 /* RoomCaptureViewModelTests.swift */,
				10APPT002FA4E929008A89D8 /* AppEnvironmentTests.swift */,
				10PHMT0012FA4E929008A89D8 /* AuthManagerTests.swift */,
				10PHMT0022FA4E929008A89D8 /* LimiAPIErrorTests.swift */,
				10PHMT0032FA4E929008A89D8 /* ConfiguratorModelStoreTests.swift */,
			);
			path = Tests;
			sourceTree = "<group>";
		};
		10PH9D032FA4E929008A89D8 /* Config */ = {
			isa = PBXGroup;
			children = (
				10PH9D012FA4E929008A89D8 /* Limi-Debug.xcconfig */,
				10PH9D022FA4E929008A89D8 /* Limi-Release.xcconfig */,
			);
			path = Config;
			sourceTree = "<group>";
		};
		10RPM0A02FA4E929008A89D8 /* Features/RoomPlan3D */ = {
			isa = PBXGroup;
			children = (
				10RPM0D02FA4E929008A89D8 /* Services */,
				10RPM0E02FA4E929008A89D8 /* ViewModels */,
			);
			path = Features/RoomPlan3D;
			sourceTree = "<group>";
		};
		10RPM0D02FA4E929008A89D8 /* Services */ = {
			isa = PBXGroup;
			children = (
				10RPM0012FA4E929008A89D8 /* RoomPlanUploadService.swift */,
			);
			path = Services;
			sourceTree = "<group>";
		};
		10RPM0E02FA4E929008A89D8 /* ViewModels */ = {
			isa = PBXGroup;
			children = (
				10RPM0022FA4E929008A89D8 /* RoomCaptureViewModel.swift */,
				10RPM0032FA4E929008A89D8 /* RoomPlanListViewModel.swift */,
			);
			path = ViewModels;
			sourceTree = "<group>";
		};
		10SHD0A02FA4E929008A89D8 /* Shared */ = {
			isa = PBXGroup;
			children = (
				10SHD0B02FA4E929008A89D8 /* Components */,
			);
			path = Shared;
			sourceTree = "<group>";
		};
		10SHD0B02FA4E929008A89D8 /* Components */ = {
			isa = PBXGroup;
			children = (
				10SHD0012FA4E929008A89D8 /* VisualEffectBlur.swift */,
				10SHD0022FA4E929008A89D8 /* RainbowSlider.swift */,
				10SHD0032FA4E929008A89D8 /* LimiModalChrome.swift */,
			);
			path = Components;
			sourceTree = "<group>";
		};
		10WLED0A02FA4E929008A89D8 /* Features/Hotel */ = {
			isa = PBXGroup;
			children = (
				10WLED0B02FA4E929008A89D8 /* WLED */,
			);
			path = Features/Hotel;
			sourceTree = "<group>";
		};
		10WLED0B02FA4E929008A89D8 /* WLED */ = {
			isa = PBXGroup;
			children = (
				10WLED0C02FA4E929008A89D8 /* Services */,
				10WLED0D02FA4E929008A89D8 /* ViewModels */,
			);
			path = WLED;
			sourceTree = "<group>";
		};
		10WLED0C02FA4E929008A89D8 /* Services */ = {
			isa = PBXGroup;
			children = (
				10WLED0012FA4E929008A89D8 /* WLEDHTTPClient.swift */,
				10WLED0022FA4E929008A89D8 /* HotelRoomBluetoothAdapter.swift */,
			);
			path = Services;
			sourceTree = "<group>";
		};
		10WLED0D02FA4E929008A89D8 /* ViewModels */ = {
			isa = PBXGroup;
			children = (
				10WLED0032FA4E929008A89D8 /* WLEDDiscoveryViewModel.swift */,
				10WLED0042FA4E929008A89D8 /* WLEDDeviceControlViewModel.swift */,
				10WLED0052FA4E929008A89D8 /* WLEDControlViewModel.swift */,
				10WLED0062FA4E929008A89D8 /* HubChannelControlViewModel.swift */,
			);
			path = ViewModels;
			sourceTree = "<group>";
		};
		9ABD247B2DA57617003A5A22 /* Frameworks */ = {
			isa = PBXGroup;
			children = (
				9A6D930F2E5746AC009B2808 /* RealityKit.framework */,
				9A5AFD7A2DDC35EC00B785BE /* RoomPlan.framework */,
				9AF3A3AA2DA58E8E004EADAA /* Metal.framework */,
				9ABD247C2DA57617003A5A22 /* ARKit.framework */,
				B57549563DDD14E44449F681 /* Pods_Limi.framework */,
			);
			name = Frameworks;
			sourceTree = "<group>";
		};
		9ABFFE462D6F26F500FCA582 /* Objects */ = {
			isa = PBXGroup;
			children = (
				9ABFFE3A2D6F20AF00FCA582 /* modela.usdz */,
				9ABFFE4F2D6F38BC00FCA582 /* Bulbs.usdz */,
			);
			path = Objects;
			sourceTree = "<group>";
		};
		9ADA720B2D6DD6D80044A7CF = {
			isa = PBXGroup;
			children = (
				9A8310452DA135A300D84901 /* Limi.entitlements */,
				9ACC85E62D731F23009F2DD5 /* README.md */,
				10PH9D032FA4E929008A89D8 /* Config */,
				9ADA72EB2D6DD73C0044A7CF /* Font */,
				9ADA72152D6DD6D80044A7CF /* Products */,
				9ABFFE462D6F26F500FCA582 /* Objects */,
				9A6EFC5C2D8BB14500272B02 /* Features */,
				9ABD247B2DA57617003A5A22 /* Frameworks */,
				E22F056FBE6961045C6938A3 /* Pods */,
				105F48DC2FA56AA9008A89D8 /* Core */,
				10BCB0C02FA4E929008A89D8 /* App */,
				10AUTH0A02FA4E929008A89D8 /* Features/Authentication */,
				10HOME0A02FA4E929008A89D8 /* Features/Home */,
				10ADD0A02FA4E929008A89D8 /* Features/AddDevice */,
				10WLED0A02FA4E929008A89D8 /* Features/Hotel */,
				10AICH0A02FA4E929008A89D8 /* Features/AIChat */,
				10CFG0A02FA4E929008A89D8 /* Features/Configurator */,
				10AR0A02FA4E929008A89D8 /* Features/ARSession */,
				10RPM0A02FA4E929008A89D8 /* Features/RoomPlan3D */,
				10SHD0A02FA4E929008A89D8 /* Shared */,
				10PH13B05FA4E929008A89D8 /* Tests */,
			);
			sourceTree = "<group>";
		};
		9ADA72152D6DD6D80044A7CF /* Products */ = {
			isa = PBXGroup;
			children = (
				9ADA72142D6DD6D80044A7CF /* LIMI AI.app */,
				10PH13D03FA4E929008A89D8 /* LimiTests.xctest */,
			);
			name = Products;
			sourceTree = "<group>";
		};
		9ADA72EB2D6DD73C0044A7CF /* Font */ = {
			isa = PBXGroup;
			children = (
				9ADA72D02D6DD73C0044A7CF /* Amenti-Black.ttf */,
				9ADA72D12D6DD73C0044A7CF /* Amenti-Bold.ttf */,
				9ADA72D22D6DD73C0044A7CF /* Amenti-Medium.ttf */,
				9ADA72D32D6DD73C0044A7CF /* Amenti-Regular.otf */,
				9ADA72D42D6DD73C0044A7CF /* Amenti-Light.otf */,
				9ADA72D52D6DD73C0044A7CF /* Amenti-Thin.otf */,
				9ADA72D62D6DD73C0044A7CF /* Amenti-Vf.ttf */,
				9ADA72D72D6DD73C0044A7CF /* info.txt */,
				9ADA72D82D6DD73C0044A7CF /* OFL.txt */,
				9ADA72D92D6DD73C0044A7CF /* Poppins-Black.ttf */,
				9ADA72DA2D6DD73C0044A7CF /* Poppins-BlackItalic.ttf */,
				9ADA72DB2D6DD73C0044A7CF /* Poppins-Bold.ttf */,
				9ADA72DC2D6DD73C0044A7CF /* Poppins-BoldItalic.ttf */,
				9ADA72DD2D6DD73C0044A7CF /* Poppins-ExtraBold.ttf */,
				9ADA72DE2D6DD73C0044A7CF /* Poppins-ExtraBoldItalic.ttf */,
				9ADA72DF2D6DD73C0044A7CF /* Poppins-ExtraLight.ttf */,
				9ADA72E02D6DD73C0044A7CF /* Poppins-ExtraLightItalic.ttf */,
				9ADA72E12D6DD73C0044A7CF /* Poppins-Italic.ttf */,
				9ADA72E22D6DD73C0044A7CF /* Poppins-Light.ttf */,
				9ADA72E32D6DD73C0044A7CF /* Poppins-LightItalic.ttf */,
				9ADA72E42D6DD73C0044A7CF /* Poppins-Medium.ttf */,
				9ADA72E52D6DD73C0044A7CF /* Poppins-MediumItalic.ttf */,
				9ADA72E62D6DD73C0044A7CF /* Poppins-Regular.ttf */,
				9ADA72E72D6DD73C0044A7CF /* Poppins-SemiBold.ttf */,
				9ADA72E82D6DD73C0044A7CF /* Poppins-SemiBoldItalic.ttf */,
				9ADA72E92D6DD73C0044A7CF /* Poppins-Thin.ttf */,
				9ADA72EA2D6DD73C0044A7CF /* Poppins-ThinItalic.ttf */,
			);
			path = Font;
			sourceTree = "<group>";
		};
		E22F056FBE6961045C6938A3 /* Pods */ = {
			isa = PBXGroup;
			children = (
				41A8537098400FD0063056FC /* Pods-Limi.debug.xcconfig */,
				26CAF47D956ADE8C97D67273 /* Pods-Limi.release.xcconfig */,
			);
			path = Pods;
			sourceTree = "<group>";
		};
/* End PBXGroup section */

/* Begin PBXNativeTarget section */
		10PH13D01FA4E929008A89D8 /* LimiTests */ = {
			isa = PBXNativeTarget;
			buildConfigurationList = 10PH13F01FA4E929008A89D8 /* Build configuration list for PBXNativeTarget "LimiTests" */;
			buildPhases = (
				10PH13D02FA4E929008A89D8 /* Sources */,
			);
			buildRules = (
			);
			dependencies = (
				10PH13D05FA4E929008A89D8 /* PBXTargetDependency */,
			);
			name = LimiTests;
			productName = LimiTests;
			productReference = 10PH13D03FA4E929008A89D8 /* LimiTests.xctest */;
			productType = "com.apple.product-type.bundle.unit-test";
		};
		9ADA72132D6DD6D80044A7CF /* Limi */ = {
			isa = PBXNativeTarget;
			buildConfigurationList = 9ADA72222D6DD6D90044A7CF /* Build configuration list for PBXNativeTarget "Limi" */;
			buildPhases = (
				2D40CF1C8EE369275306807F /* [CP] Check Pods Manifest.lock */,
				9ADA72102D6DD6D80044A7CF /* Sources */,
				9ADA72112D6DD6D80044A7CF /* Frameworks */,
				9ADA72122D6DD6D80044A7CF /* Resources */,
				9A2AE98C2DE03CC800C68465 /* Run Script */,
				D874B953F30A0CBDC4124A67 /* [CP] Embed Pods Frameworks */,
			);
			buildRules = (
				9A5167052E30FB660054AE83 /* PBXBuildRule */,
			);
			dependencies = (
			);
			fileSystemSynchronizedGroups = (
				9A6EFC5C2D8BB14500272B02 /* Features */,
			);
			name = Limi;
			packageProductDependencies = (
				9AF2B1BB2D7D59A1003D366D /* FLAnimatedImage */,
				9A78A3132D8A7E4100F01E0D /* SDWebImageSwiftUI */,
				9A9D0CE52DD30B6900A8C1B3 /* FocusEntity */,
				9A87FD1B2E69B49600C02EEE /* WebRTC */,
				9A6A3D612E8BC3FC00924422 /* SocketIO */,
				104604CB2EBB1446004D0557 /* GoogleSignIn */,
				104604CD2EBB1446004D0557 /* GoogleSignInSwift */,
				10B43B752EF922970040610A /* SwiftLAME */,
				1042906A2F0004EE003BB7B4 /* AppAuth */,
				1042906C2F0004EE003BB7B4 /* AppAuthCore */,
				1042906E2F0004EE003BB7B4 /* AppAuthTV */,
			);
			productName = LimiExhibition;
			productReference = 9ADA72142D6DD6D80044A7CF /* LIMI AI.app */;
			productType = "com.apple.product-type.application";
		};
/* End PBXNativeTarget section */

/* Begin PBXProject section */
		9ADA720C2D6DD6D80044A7CF /* Project object */ = {
			isa = PBXProject;
			attributes = {
				BuildIndependentTargetsInParallel = 1;
				LastSwiftUpdateCheck = 1620;
				LastUpgradeCheck = 1620;
				TargetAttributes = {
					9ADA72132D6DD6D80044A7CF = {
						CreatedOnToolsVersion = 16.2;
					};
				};
			};
			buildConfigurationList = 9ADA720F2D6DD6D80044A7CF /* Build configuration list for PBXProject "Limi" */;
			developmentRegion = en;
			hasScannedForEncodings = 0;
			knownRegions = (
				en,
				Base,
				ar,
				ur,
				"zh-Hans",
				"zh-Hant",
				hr,
				nl,
				ru,
				fr,
				"es-419",
				hi,
				de,
				ja,
				tr,
			);
			mainGroup = 9ADA720B2D6DD6D80044A7CF;
			minimizedProjectReferenceProxies = 1;
			packageReferences = (
				9AF2B1BA2D7D59A1003D366D /* XCRemoteSwiftPackageReference "FLAnimatedImage" */,
				9A78A3122D8A7E4100F01E0D /* XCRemoteSwiftPackageReference "SDWebImageSwiftUI" */,
				9A9D0CE42DD30B6900A8C1B3 /* XCRemoteSwiftPackageReference "FocusEntity" */,
				9A87FD1A2E69B49600C02EEE /* XCRemoteSwiftPackageReference "WebRTC" */,
				9A6A3D602E8BC3FC00924422 /* XCRemoteSwiftPackageReference "socket" */,
				104604CA2EBB1446004D0557 /* XCRemoteSwiftPackageReference "GoogleSignIn-iOS" */,
				10B43B742EF922970040610A /* XCRemoteSwiftPackageReference "SwiftLAME" */,
				104290692F0004EE003BB7B4 /* XCRemoteSwiftPackageReference "AppAuth-iOS" */,
			);
			preferredProjectObjectVersion = 77;
			productRefGroup = 9ADA72152D6DD6D80044A7CF /* Products */;
			projectDirPath = "";
			projectRoot = "";
			targets = (
				9ADA72132D6DD6D80044A7CF /* Limi */,
				10PH13D01FA4E929008A89D8 /* LimiTests */,
			);
		};
/* End PBXProject section */

/* Begin PBXResourcesBuildPhase section */
		9ADA72122D6DD6D80044A7CF /* Resources */ = {
			isa = PBXResourcesBuildPhase;
			buildActionMask = 2147483647;
			files = (
				9ADA72EC2D6DD73C0044A7CF /* Amenti-Medium.ttf in Resources */,
				9ADA72ED2D6DD73C0044A7CF /* Poppins-Light.ttf in Resources */,
				9ADA72EE2D6DD73C0044A7CF /* Poppins-ExtraLight.ttf in Resources */,
				9ADA72EF2D6DD73C0044A7CF /* info.txt in Resources */,
				9ADA72F02D6DD73C0044A7CF /* Poppins-SemiBold.ttf in Resources */,
				9ADA72F12D6DD73C0044A7CF /* Amenti-Thin.otf in Resources */,
				9ADA72F22D6DD73C0044A7CF /* Amenti-Black.ttf in Resources */,
				9ADA72F32D6DD73C0044A7CF /* Amenti-Regular.otf in Resources */,
				9ADA72F42D6DD73C0044A7CF /* Poppins-MediumItalic.ttf in Resources */,
				9ADA72F52D6DD73C0044A7CF /* Poppins-Thin.ttf in Resources */,
				9ADA72F62D6DD73C0044A7CF /* Poppins-Regular.ttf in Resources */,
				9ADA72F72D6DD73C0044A7CF /* Amenti-Light.otf in Resources */,
				9ADA72F82D6DD73C0044A7CF /* Amenti-Bold.ttf in Resources */,
				9ADA72F92D6DD73C0044A7CF /* Poppins-ExtraBoldItalic.ttf in Resources */,
				9ACC85E72D731F33009F2DD5 /* README.md in Resources */,
				9ADA72FA2D6DD73C0044A7CF /* Poppins-LightItalic.ttf in Resources */,
				9ABFFE3B2D6F20AF00FCA582 /* modela.usdz in Resources */,
				9ADA72FB2D6DD73C0044A7CF /* Poppins-BlackItalic.ttf in Resources */,
				9ADA72FC2D6DD73C0044A7CF /* Amenti-Vf.ttf in Resources */,
				9ADA72FD2D6DD73C0044A7CF /* Poppins-Italic.ttf in Resources */,
				9ADA72FE2D6DD73C0044A7CF /* Poppins-ExtraBold.ttf in Resources */,
				9ADA72FF2D6DD73C0044A7CF /* Poppins-ExtraLightItalic.ttf in Resources */,
				9ABFFE502D6F38BC00FCA582 /* Bulbs.usdz in Resources */,
				9ADA73002D6DD73C0044A7CF /* Poppins-ThinItalic.ttf in Resources */,
				9ADA73012D6DD73C0044A7CF /* Poppins-Black.ttf in Resources */,
				9ADA73022D6DD73C0044A7CF /* Poppins-SemiBoldItalic.ttf in Resources */,
				9ADA73032D6DD73C0044A7CF /* Poppins-BoldItalic.ttf in Resources */,
				9ADA73042D6DD73C0044A7CF /* OFL.txt in Resources */,
				9ADA73052D6DD73C0044A7CF /* Poppins-Bold.ttf in Resources */,
				9ADA73062D6DD73C0044A7CF /* Poppins-Medium.ttf in Resources */,
			);
			runOnlyForDeploymentPostprocessing = 0;
		};
/* End PBXResourcesBuildPhase section */

/* Begin PBXShellScriptBuildPhase section */
		2D40CF1C8EE369275306807F /* [CP] Check Pods Manifest.lock */ = {
			isa = PBXShellScriptBuildPhase;
			buildActionMask = 2147483647;
			files = (
			);
			inputFileListPaths = (
			);
			inputPaths = (
				"${PODS_PODFILE_DIR_PATH}/Podfile.lock",
				"${PODS_ROOT}/Manifest.lock",
			);
			name = "[CP] Check Pods Manifest.lock";
			outputFileListPaths = (
			);
			outputPaths = (
				"$(DERIVED_FILE_DIR)/Pods-Limi-checkManifestLockResult.txt",
			);
			runOnlyForDeploymentPostprocessing = 0;
			shellPath = /bin/sh;
			shellScript = "diff \"${PODS_PODFILE_DIR_PATH}/Podfile.lock\" \"${PODS_ROOT}/Manifest.lock\" > /dev/null\nif [ $? != 0 ] ; then\n    # print error to STDERR\n    echo \"error: The sandbox is not in sync with the Podfile.lock. Run 'pod install' or update your CocoaPods installation.\" >&2\n    exit 1\nfi\n# This output is used by Xcode 'outputs' to avoid re-running this script phase.\necho \"SUCCESS\" > \"${SCRIPT_OUTPUT_FILE_0}\"\n";
			showEnvVarsInLog = 0;
		};
		9A2AE98C2DE03CC800C68465 /* Run Script */ = {
			isa = PBXShellScriptBuildPhase;
			buildActionMask = 2147483647;
			files = (
			);
			inputFileListPaths = (
			);
			inputPaths = (
			);
			name = "Run Script";
			outputFileListPaths = (
			);
			outputPaths = (
			);
			runOnlyForDeploymentPostprocessing = 0;
			shellPath = /bin/sh;
			shellScript = "#!/bin/sh\nFRAMEWORK_RKC=\"${PLATFORM_DIR}/Developer/Library/Frameworks/RealityKit.framework/Resources/RealityKitContent.bundle\"\nDEST=\"${TARGET_BUILD_DIR}/${UNLOCALIZED_RESOURCES_FOLDER_PATH}/RealityKitContent.bundle\"\nif [ -d \"$FRAMEWORK_RKC\" ]; then\n    rm -rf \"${DEST}\"\n    cp -R \"${FRAMEWORK_RKC}\" \"${DEST}\"\nfi\n";
		};
		D874B953F30A0CBDC4124A67 /* [CP] Embed Pods Frameworks */ = {
			isa = PBXShellScriptBuildPhase;
			buildActionMask = 2147483647;
			files = (
			);
			inputFileListPaths = (
				"${PODS_ROOT}/Target Support Files/Pods-Limi/Pods-Limi-frameworks-${CONFIGURATION}-input-files.xcfilelist",
			);
			inputPaths = (
			);
			name = "[CP] Embed Pods Frameworks";
			outputFileListPaths = (
				"${PODS_ROOT}/Target Support Files/Pods-Limi/Pods-Limi-frameworks-${CONFIGURATION}-output-files.xcfilelist",
			);
			outputPaths = (
			);
			runOnlyForDeploymentPostprocessing = 0;
			shellPath = /bin/sh;
			shellScript = "\"${PODS_ROOT}/Target Support Files/Pods-Limi/Pods-Limi-frameworks.sh\"\n";
			showEnvVarsInLog = 0;
		};
/* End PBXShellScriptBuildPhase section */

/* Begin PBXSourcesBuildPhase section */
		10PH13D02FA4E929008A89D8 /* Sources */ = {
			isa = PBXSourcesBuildPhase;
			buildActionMask = 2147483647;
			files = (
				10PH13B01FA4E929008A89D8 /* LimiHTTPClientTests.swift in Sources */,
				10PH13B02FA4E929008A89D8 /* LimiURLProtocolStub.swift in Sources */,
				10HOMET012FA4E929008A89D8 /* HomeViewModelTests.swift in Sources */,
				10ADDT012FA4E929008A89D8 /* DemoScanDevicesViewModelTests.swift in Sources */,
				10AICHT012FA4E929008A89D8 /* VoiceViewModelTests.swift in Sources */,
				10ART012FA4E929008A89D8 /* ARSessionViewModelTests.swift in Sources */,
				10RPMT012FA4E929008A89D8 /* RoomPlanUploadServiceTests.swift in Sources */,
				10RPMT0132FA4E929008A89D8 /* RoomCaptureViewModelTests.swift in Sources */,
				10APPT012FA4E929008A89D8 /* AppEnvironmentTests.swift in Sources */,
				10PHMT0112FA4E929008A89D8 /* AuthManagerTests.swift in Sources */,
				10PHMT0122FA4E929008A89D8 /* LimiAPIErrorTests.swift in Sources */,
				10PHMT0132FA4E929008A89D8 /* ConfiguratorModelStoreTests.swift in Sources */,
			);
			runOnlyForDeploymentPostprocessing = 0;
		};
		9ADA72102D6DD6D80044A7CF /* Sources */ = {
			isa = PBXSourcesBuildPhase;
			buildActionMask = 2147483647;
			files = (
				10NAPP112FA4E929008A89D8 /* LimiApp.swift in Sources */,
				10NAPP122FA4E929008A89D8 /* AppDelegate.swift in Sources */,
				105F48272FA4E929008A89D8 /* LocationManager.swift in Sources */,
				105F482F2FA4E929008A89D8 /* AuthResponseParsing.swift in Sources */,
				105F48302FA4E929008A89D8 /* ManagerAPI.swift in Sources */,
				105F48312FA4E929008A89D8 /* WeatherData.swift in Sources */,
				105F48322FA4E929008A89D8 /* WeatherService.swift in Sources */,
				105F48332FA4E929008A89D8 /* LimiHTTPClient.swift in Sources */,
				105F48342FA4E929008A89D8 /* LimiDeviceAPI.swift in Sources */,
				105F48352FA4E929008A89D8 /* LimiConfiguratorAPI.swift in Sources */,
				105F48362FA4E929008A89D8 /* LimiAPIAuthPolicy.swift in Sources */,
				105F48452FA4E929008A89D8 /* AuthManger.swift in Sources */,
				105F48472FA4E929008A89D8 /* Color.swift in Sources */,
				105F48482FA4E929008A89D8 /* LimiDesignSystem.swift in Sources */,
				105F48492FA4E929008A89D8 /* NeumorphicSystem.swift in Sources */,
				105F484B2FA4E929008A89D8 /* LanguageSettings.swift in Sources */,
				105F484C2FA4E929008A89D8 /* NetworkMonitor.swift in Sources */,
				105F485F2FA4E929008A89D8 /* FloatingAssistantManager.swift in Sources */,
				105F48602FA4E929008A89D8 /* FloatingRootViewController.swift in Sources */,
				105F48612FA4E929008A89D8 /* FloatingWindow.swift in Sources */,
				105F488C2FA4E929008A89D8 /* SocketIOExample.swift in Sources */,
				105F48C62FA4E929008A89D8 /* LightControllingSocket.swift in Sources */,
				105F48CE2FA4E929008A89D8 /* AuthManager.swift in Sources */,
				10AB0000000000000000B001 /* LimiCommand.swift in Sources */,
				10AB0000000000000000B002 /* Door.swift in Sources */,
				10AB0000000000000000B003 /* DeviceTransportState.swift in Sources */,
				10AB0000000000000000B004 /* DeviceTransportRegistry.swift in Sources */,
				10AB0000000000000000B005 /* MQTTClientProtocol.swift in Sources */,
				10AB0000000000000000B006 /* SocketIOMQTTBridge.swift in Sources */,
				10AB0000000000000000B007 /* DeviceWebSocketClient.swift in Sources */,
				10AB0000000000000000B008 /* BLELightWriter.swift in Sources */,
				10AB0000000000000000B009 /* LimiTransport.swift in Sources */,
				10AB0000000000000000B00A /* LimiTransportError.swift in Sources */,
				10AB0000000000000000B00B /* ThrottledSender.swift in Sources */,
				10AB0000000000000000B00C /* TransportMediumPreference.swift in Sources */,
				10PH13A02FA4E929008A89D8 /* LimiAPIError.swift in Sources */,
				10BCB0112FA4E929008A89D8 /* BluetoothManager.swift in Sources */,
				10BCB0122FA4E929008A89D8 /* BluetoothManager+BackgroundScan.swift in Sources */,
				10BCB0132FA4E929008A89D8 /* BluetoothManager+GATTWrite.swift in Sources */,
				10BCB0142FA4E929008A89D8 /* BluetoothManager+WifiProvisioning.swift in Sources */,
				10BCB0152FA4E929008A89D8 /* BluetoothDeviceState.swift in Sources */,
				10BCB0162FA4E929008A89D8 /* ContextManager.swift in Sources */,
				10BCB0172FA4E929008A89D8 /* GlobalVariables.swift in Sources */,
				10BCB0182FA4E929008A89D8 /* AppRouter.swift in Sources */,
				10APP0112FA4E929008A89D8 /* DependencyProtocols.swift in Sources */,
				10APP0122FA4E929008A89D8 /* AppEnvironment.swift in Sources */,
				10BCB0192FA4E929008A89D8 /* HomeRoute.swift in Sources */,
				10AUTH0112FA4E929008A89D8 /* AuthRoute.swift in Sources */,
				10NET0112FA4E929008A89D8 /* BLEDevice.swift in Sources */,
				10NET0122FA4E929008A89D8 /* PingPoller.swift in Sources */,
				10NET0132FA4E929008A89D8 /* BonjourServiceBrowser.swift in Sources */,
				10SHD0112FA4E929008A89D8 /* VisualEffectBlur.swift in Sources */,
				10SHD0122FA4E929008A89D8 /* RainbowSlider.swift in Sources */,
				10SHD0132FA4E929008A89D8 /* LimiModalChrome.swift in Sources */,
			);
			runOnlyForDeploymentPostprocessing = 0;
		};
/* End PBXSourcesBuildPhase section */

/* Begin PBXTargetDependency section */
		10PH13D05FA4E929008A89D8 /* PBXTargetDependency */ = {
			isa = PBXTargetDependency;
			target = 9ADA72132D6DD6D80044A7CF /* Limi */;
			targetProxy = 10PH13D04FA4E929008A89D8 /* PBXContainerItemProxy */;
		};
/* End PBXTargetDependency section */

/* Begin XCBuildConfiguration section */
		10PH13E01FA4E929008A89D8 /* Debug */ = {
			isa = XCBuildConfiguration;
			buildSettings = {
				BUNDLE_LOADER = "$(TEST_HOST)";
				CODE_SIGN_STYLE = Automatic;
				CURRENT_PROJECT_VERSION = 1;
				DEVELOPMENT_TEAM = Y39JJ6B8MN;
				GENERATE_INFOPLIST_FILE = YES;
				IPHONEOS_DEPLOYMENT_TARGET = 18.2;
				MARKETING_VERSION = 1.0;
				PRODUCT_BUNDLE_IDENTIFIER = osi.shahryar.LimitLess.Exhibition.v1.tests;
				PRODUCT_NAME = "$(TARGET_NAME)";
				SWIFT_EMIT_LOC_STRINGS = NO;
				SWIFT_VERSION = 5.0;
				TARGETED_DEVICE_FAMILY = "1,2";
				TEST_HOST = "$(BUILT_PRODUCTS_DIR)/LIMI AI.app/$(BUNDLE_EXECUTABLE_FOLDER_PATH)/LIMI AI";
			};
			name = Debug;
		};
		10PH13E02FA4E929008A89D8 /* Release */ = {
			isa = XCBuildConfiguration;
			buildSettings = {
				BUNDLE_LOADER = "$(TEST_HOST)";
				CODE_SIGN_STYLE = Automatic;
				CURRENT_PROJECT_VERSION = 1;
				DEVELOPMENT_TEAM = Y39JJ6B8MN;
				GENERATE_INFOPLIST_FILE = YES;
				IPHONEOS_DEPLOYMENT_TARGET = 18.2;
				MARKETING_VERSION = 1.0;
				PRODUCT_BUNDLE_IDENTIFIER = osi.shahryar.LimitLess.Exhibition.v1.tests;
				PRODUCT_NAME = "$(TARGET_NAME)";
				SWIFT_EMIT_LOC_STRINGS = NO;
				SWIFT_VERSION = 5.0;
				TARGETED_DEVICE_FAMILY = "1,2";
				TEST_HOST = "$(BUILT_PRODUCTS_DIR)/LIMI AI.app/$(BUNDLE_EXECUTABLE_FOLDER_PATH)/LIMI AI";
			};
			name = Release;
		};
		9ADA72202D6DD6D90044A7CF /* Debug */ = {
			isa = XCBuildConfiguration;
			buildSettings = {
				ALWAYS_SEARCH_USER_PATHS = NO;
				ASSETCATALOG_COMPILER_GENERATE_SWIFT_ASSET_SYMBOL_EXTENSIONS = YES;
				CLANG_ANALYZER_NONNULL = YES;
				CLANG_ANALYZER_NUMBER_OBJECT_CONVERSION = YES_AGGRESSIVE;
				CLANG_CXX_LANGUAGE_STANDARD = "gnu++20";
				CLANG_ENABLE_MODULES = YES;
				CLANG_ENABLE_OBJC_ARC = YES;
				CLANG_ENABLE_OBJC_WEAK = YES;
				CLANG_WARN_BLOCK_CAPTURE_AUTORELEASING = YES;
				CLANG_WARN_BOOL_CONVERSION = YES;
				CLANG_WARN_COMMA = YES;
				CLANG_WARN_CONSTANT_CONVERSION = YES;
				CLANG_WARN_DEPRECATED_OBJC_IMPLEMENTATIONS = YES;
				CLANG_WARN_DIRECT_OBJC_ISA_USAGE = YES_ERROR;
				CLANG_WARN_DOCUMENTATION_COMMENTS = YES;
				CLANG_WARN_EMPTY_BODY = YES;
				CLANG_WARN_ENUM_CONVERSION = YES;
				CLANG_WARN_INFINITE_RECURSION = YES;
				CLANG_WARN_INT_CONVERSION = YES;
				CLANG_WARN_NON_LITERAL_NULL_CONVERSION = YES;
				CLANG_WARN_OBJC_IMPLICIT_RETAIN_SELF = YES;
				CLANG_WARN_OBJC_LITERAL_CONVERSION = YES;
				CLANG_WARN_OBJC_ROOT_CLASS = YES_ERROR;
				CLANG_WARN_QUOTED_INCLUDE_IN_FRAMEWORK_HEADER = YES;
				CLANG_WARN_RANGE_LOOP_ANALYSIS = YES;
				CLANG_WARN_STRICT_PROTOTYPES = YES;
				CLANG_WARN_SUSPICIOUS_MOVE = YES;
				CLANG_WARN_UNGUARDED_AVAILABILITY = YES_AGGRESSIVE;
				CLANG_WARN_UNREACHABLE_CODE = YES;
				CLANG_WARN__DUPLICATE_METHOD_MATCH = YES;
				COPY_PHASE_STRIP = NO;
				DEBUG_INFORMATION_FORMAT = dwarf;
				ENABLE_STRICT_OBJC_MSGSEND = YES;
				ENABLE_TESTABILITY = YES;
				ENABLE_USER_SCRIPT_SANDBOXING = YES;
				GCC_C_LANGUAGE_STANDARD = gnu17;
				GCC_DYNAMIC_NO_PIC = NO;
				GCC_NO_COMMON_BLOCKS = YES;
				GCC_OPTIMIZATION_LEVEL = 0;
				GCC_PREPROCESSOR_DEFINITIONS = (
					"DEBUG=1",
					"$(inherited)",
				);
				GCC_WARN_64_TO_32_BIT_CONVERSION = YES;
				GCC_WARN_ABOUT_RETURN_TYPE = YES_ERROR;
				GCC_WARN_UNDECLARED_SELECTOR = YES;
				GCC_WARN_UNINITIALIZED_AUTOS = YES_AGGRESSIVE;
				GCC_WARN_UNUSED_FUNCTION = YES;
				GCC_WARN_UNUSED_VARIABLE = YES;
				IPHONEOS_DEPLOYMENT_TARGET = 18.2;
				LOCALIZATION_PREFERS_STRING_CATALOGS = YES;
				MTL_ENABLE_DEBUG_INFO = INCLUDE_SOURCE;
				MTL_FAST_MATH = YES;
				ONLY_ACTIVE_ARCH = YES;
				PRODUCT_NAME = "LIMI AI";
				SDKROOT = iphoneos;
				SWIFT_ACTIVE_COMPILATION_CONDITIONS = "DEBUG $(inherited)";
				SWIFT_EMIT_LOC_STRINGS = YES;
				SWIFT_OPTIMIZATION_LEVEL = "-Onone";
			};
			name = Debug;
		};
		9ADA72212D6DD6D90044A7CF /* Release */ = {
			isa = XCBuildConfiguration;
			buildSettings = {
				ALWAYS_SEARCH_USER_PATHS = NO;
				ASSETCATALOG_COMPILER_GENERATE_SWIFT_ASSET_SYMBOL_EXTENSIONS = YES;
				CLANG_ANALYZER_NONNULL = YES;
				CLANG_ANALYZER_NUMBER_OBJECT_CONVERSION = YES_AGGRESSIVE;
				CLANG_CXX_LANGUAGE_STANDARD = "gnu++20";
				CLANG_ENABLE_MODULES = YES;
				CLANG_ENABLE_OBJC_ARC = YES;
				CLANG_ENABLE_OBJC_WEAK = YES;
				CLANG_WARN_BLOCK_CAPTURE_AUTORELEASING = YES;
				CLANG_WARN_BOOL_CONVERSION = YES;
				CLANG_WARN_COMMA = YES;
				CLANG_WARN_CONSTANT_CONVERSION = YES;
				CLANG_WARN_DEPRECATED_OBJC_IMPLEMENTATIONS = YES;
				CLANG_WARN_DIRECT_OBJC_ISA_USAGE = YES_ERROR;
				CLANG_WARN_DOCUMENTATION_COMMENTS = YES;
				CLANG_WARN_EMPTY_BODY = YES;
				CLANG_WARN_ENUM_CONVERSION = YES;
				CLANG_WARN_INFINITE_RECURSION = YES;
				CLANG_WARN_INT_CONVERSION = YES;
				CLANG_WARN_NON_LITERAL_NULL_CONVERSION = YES;
				CLANG_WARN_OBJC_IMPLICIT_RETAIN_SELF = YES;
				CLANG_WARN_OBJC_LITERAL_CONVERSION = YES;
				CLANG_WARN_OBJC_ROOT_CLASS = YES_ERROR;
				CLANG_WARN_QUOTED_INCLUDE_IN_FRAMEWORK_HEADER = YES;
				CLANG_WARN_RANGE_LOOP_ANALYSIS = YES;
				CLANG_WARN_STRICT_PROTOTYPES = YES;
				CLANG_WARN_SUSPICIOUS_MOVE = YES;
				CLANG_WARN_UNGUARDED_AVAILABILITY = YES_AGGRESSIVE;
				CLANG_WARN_UNREACHABLE_CODE = YES;
				CLANG_WARN__DUPLICATE_METHOD_MATCH = YES;
				COPY_PHASE_STRIP = NO;
				DEBUG_INFORMATION_FORMAT = "dwarf-with-dsym";
				ENABLE_NS_ASSERTIONS = NO;
				ENABLE_STRICT_OBJC_MSGSEND = YES;
				ENABLE_USER_SCRIPT_SANDBOXING = YES;
				GCC_C_LANGUAGE_STANDARD = gnu17;
				GCC_NO_COMMON_BLOCKS = YES;
				GCC_WARN_64_TO_32_BIT_CONVERSION = YES;
				GCC_WARN_ABOUT_RETURN_TYPE = YES_ERROR;
				GCC_WARN_UNDECLARED_SELECTOR = YES;
				GCC_WARN_UNINITIALIZED_AUTOS = YES_AGGRESSIVE;
				GCC_WARN_UNUSED_FUNCTION = YES;
				GCC_WARN_UNUSED_VARIABLE = YES;
				IPHONEOS_DEPLOYMENT_TARGET = 18.2;
				LOCALIZATION_PREFERS_STRING_CATALOGS = YES;
				MTL_ENABLE_DEBUG_INFO = NO;
				MTL_FAST_MATH = YES;
				PRODUCT_NAME = "LIMI AI";
				SDKROOT = iphoneos;
				SWIFT_COMPILATION_MODE = wholemodule;
				SWIFT_EMIT_LOC_STRINGS = YES;
				VALIDATE_PRODUCT = YES;
			};
			name = Release;
		};
		9ADA72232D6DD6D90044A7CF /* Debug */ = {
			isa = XCBuildConfiguration;
			baseConfigurationReference = 10PH9D012FA4E929008A89D8 /* Limi-Debug.xcconfig */;
			buildSettings = {
				ASSETCATALOG_COMPILER_APPICON_NAME = AppIcon;
				ASSETCATALOG_COMPILER_GLOBAL_ACCENT_COLOR_NAME = AccentColor;
				ASSETCATALOG_COMPILER_INCLUDE_ALL_APPICON_ASSETS = YES;
				CODE_SIGN_ENTITLEMENTS = Limi.entitlements;
				CODE_SIGN_IDENTITY = "Apple Development";
				CODE_SIGN_STYLE = Automatic;
				CURRENT_PROJECT_VERSION = 49;
				DEVELOPMENT_ASSET_PATHS = "\"Features/Preview Content\"";
				DEVELOPMENT_TEAM = Y39JJ6B8MN;
				ENABLE_PREVIEWS = YES;
				ENABLE_USER_SCRIPT_SANDBOXING = NO;
				GENERATE_INFOPLIST_FILE = NO;
				INFOPLIST_FILE = Features/Info.plist;
				INFOPLIST_KEY_CFBundleDisplayName = LIMI;
				INFOPLIST_KEY_NFCReaderUsageDescription = "This app needs access to NFC to scan tags.";
				INFOPLIST_KEY_NSBluetoothAlwaysUsageDescription = "This app needs Bluetooth to connect to devices";
				INFOPLIST_KEY_NSBluetoothPeripheralUsageDescription = "This app needs Bluetooth to connect to devices";
				INFOPLIST_KEY_NSCameraUsageDescription = "";
				INFOPLIST_KEY_NSPhotoLibraryAddUsageDescription = "We need access to save screenshots.";
				INFOPLIST_KEY_NSPhotoLibraryUsageDescription = "This app needs photo library access to save your room scans";
				INFOPLIST_KEY_UIApplicationSceneManifest_Generation = YES;
				INFOPLIST_KEY_UIApplicationSupportsIndirectInputEvents = YES;
				INFOPLIST_KEY_UIRequiredDeviceCapabilities = arkit;
				INFOPLIST_KEY_UIStatusBarStyle = "";
				INFOPLIST_KEY_UISupportedInterfaceOrientations = "UIInterfaceOrientationPortrait UIInterfaceOrientationPortraitUpsideDown UIInterfaceOrientationLandscapeLeft UIInterfaceOrientationLandscapeRight";
				INFOPLIST_KEY_UISupportedInterfaceOrientations_iPhone = UIInterfaceOrientationPortrait;
				IPHONEOS_DEPLOYMENT_TARGET = 18.2;
				LD_RUNPATH_SEARCH_PATHS = (
					"$(inherited)",
					"@executable_path/Frameworks",
				);
				MARKETING_VERSION = 1.0;
				PRODUCT_BUNDLE_IDENTIFIER = osi.shahryar.LimitLess.Exhibition.v1;
				PRODUCT_NAME = "LIMI AI";
				PROVISIONING_PROFILE_SPECIFIER = "";
				SWIFT_EMIT_LOC_STRINGS = YES;
				SWIFT_VERSION = 5.0;
				TARGETED_DEVICE_FAMILY = "1,2";
			};
			name = Debug;
		};
		9ADA72242D6DD6D90044A7CF /* Release */ = {
			isa = XCBuildConfiguration;
			baseConfigurationReference = 10PH9D022FA4E929008A89D8 /* Limi-Release.xcconfig */;
			buildSettings = {
				ASSETCATALOG_COMPILER_APPICON_NAME = AppIcon;
				ASSETCATALOG_COMPILER_GLOBAL_ACCENT_COLOR_NAME = AccentColor;
				ASSETCATALOG_COMPILER_INCLUDE_ALL_APPICON_ASSETS = YES;
				CODE_SIGN_ENTITLEMENTS = Limi.entitlements;
				CODE_SIGN_IDENTITY = "Apple Development";
				CODE_SIGN_STYLE = Automatic;
				CURRENT_PROJECT_VERSION = 49;
				DEVELOPMENT_ASSET_PATHS = "\"Features/Preview Content\"";
				DEVELOPMENT_TEAM = Y39JJ6B8MN;
				ENABLE_PREVIEWS = YES;
				ENABLE_USER_SCRIPT_SANDBOXING = NO;
				GENERATE_INFOPLIST_FILE = NO;
				INFOPLIST_FILE = Features/Info.plist;
				INFOPLIST_KEY_CFBundleDisplayName = LIMI;
				INFOPLIST_KEY_NFCReaderUsageDescription = "This app needs access to NFC to scan tags.";
				INFOPLIST_KEY_NSBluetoothAlwaysUsageDescription = "This app needs Bluetooth to connect to devices";
				INFOPLIST_KEY_NSBluetoothPeripheralUsageDescription = "This app needs Bluetooth to connect to devices";
				INFOPLIST_KEY_NSCameraUsageDescription = "";
				INFOPLIST_KEY_NSPhotoLibraryAddUsageDescription = "We need access to save screenshots.";
				INFOPLIST_KEY_NSPhotoLibraryUsageDescription = "This app needs photo library access to save your room scans";
				INFOPLIST_KEY_UIApplicationSceneManifest_Generation = YES;
				INFOPLIST_KEY_UIApplicationSupportsIndirectInputEvents = YES;
				INFOPLIST_KEY_UIRequiredDeviceCapabilities = arkit;
				INFOPLIST_KEY_UIStatusBarStyle = "";
				INFOPLIST_KEY_UISupportedInterfaceOrientations = "UIInterfaceOrientationPortrait UIInterfaceOrientationPortraitUpsideDown UIInterfaceOrientationLandscapeLeft UIInterfaceOrientationLandscapeRight";
				INFOPLIST_KEY_UISupportedInterfaceOrientations_iPhone = UIInterfaceOrientationPortrait;
				IPHONEOS_DEPLOYMENT_TARGET = 18.2;
				LD_RUNPATH_SEARCH_PATHS = (
					"$(inherited)",
					"@executable_path/Frameworks",
				);
				MARKETING_VERSION = 1.0;
				PRODUCT_BUNDLE_IDENTIFIER = osi.shahryar.LimitLess.Exhibition.v1;
				PRODUCT_NAME = "LIMI AI";
				PROVISIONING_PROFILE_SPECIFIER = "";
				SWIFT_EMIT_LOC_STRINGS = YES;
				SWIFT_VERSION = 5.0;
				TARGETED_DEVICE_FAMILY = "1,2";
			};
			name = Release;
		};
/* End XCBuildConfiguration section */

/* Begin XCConfigurationList section */
		10PH13F01FA4E929008A89D8 /* Build configuration list for PBXNativeTarget "LimiTests" */ = {
			isa = XCConfigurationList;
			buildConfigurations = (
				10PH13E01FA4E929008A89D8 /* Debug */,
				10PH13E02FA4E929008A89D8 /* Release */,
			);
			defaultConfigurationIsVisible = 0;
			defaultConfigurationName = Release;
		};
		9ADA720F2D6DD6D80044A7CF /* Build configuration list for PBXProject "Limi" */ = {
			isa = XCConfigurationList;
			buildConfigurations = (
				9ADA72202D6DD6D90044A7CF /* Debug */,
				9ADA72212D6DD6D90044A7CF /* Release */,
			);
			defaultConfigurationIsVisible = 0;
			defaultConfigurationName = Release;
		};
		9ADA72222D6DD6D90044A7CF /* Build configuration list for PBXNativeTarget "Limi" */ = {
			isa = XCConfigurationList;
			buildConfigurations = (
				9ADA72232D6DD6D90044A7CF /* Debug */,
				9ADA72242D6DD6D90044A7CF /* Release */,
			);
			defaultConfigurationIsVisible = 0;
			defaultConfigurationName = Release;
		};
/* End XCConfigurationList section */

/* Begin XCRemoteSwiftPackageReference section */
		104290692F0004EE003BB7B4 /* XCRemoteSwiftPackageReference "AppAuth-iOS" */ = {
			isa = XCRemoteSwiftPackageReference;
			repositoryURL = "https://github.com/openid/AppAuth-iOS.git";
			requirement = {
				kind = upToNextMajorVersion;
				minimumVersion = 2.0.0;
			};
		};
		104604CA2EBB1446004D0557 /* XCRemoteSwiftPackageReference "GoogleSignIn-iOS" */ = {
			isa = XCRemoteSwiftPackageReference;
			repositoryURL = "https://github.com/google/GoogleSignIn-iOS";
			requirement = {
				kind = upToNextMajorVersion;
				minimumVersion = 9.0.0;
			};
		};
		10B43B742EF922970040610A /* XCRemoteSwiftPackageReference "SwiftLAME" */ = {
			isa = XCRemoteSwiftPackageReference;
			repositoryURL = "https://github.com/hidden-spectrum/SwiftLAME.git";
			requirement = {
				kind = upToNextMajorVersion;
				minimumVersion = 0.1.0;
			};
		};
		9A6A3D602E8BC3FC00924422 /* XCRemoteSwiftPackageReference "socket" */ = {
			isa = XCRemoteSwiftPackageReference;
			repositoryURL = "https://github.com/socketio/socket.io-client-swift";
			requirement = {
				branch = master;
				kind = branch;
			};
		};
		9A78A3122D8A7E4100F01E0D /* XCRemoteSwiftPackageReference "SDWebImageSwiftUI" */ = {
			isa = XCRemoteSwiftPackageReference;
			repositoryURL = "https://github.com/SDWebImage/SDWebImageSwiftUI.git";
			requirement = {
				kind = upToNextMajorVersion;
				minimumVersion = 3.1.3;
			};
		};
		9A87FD1A2E69B49600C02EEE /* XCRemoteSwiftPackageReference "WebRTC" */ = {
			isa = XCRemoteSwiftPackageReference;
			repositoryURL = "https://github.com/stasel/WebRTC.git";
			requirement = {
				kind = upToNextMajorVersion;
				minimumVersion = 139.0.0;
			};
		};
		9A9D0CE42DD30B6900A8C1B3 /* XCRemoteSwiftPackageReference "FocusEntity" */ = {
			isa = XCRemoteSwiftPackageReference;
			repositoryURL = "https://github.com/maxxfrazer/FocusEntity";
			requirement = {
				kind = upToNextMajorVersion;
				minimumVersion = 2.5.1;
			};
		};
		9AF2B1BA2D7D59A1003D366D /* XCRemoteSwiftPackageReference "FLAnimatedImage" */ = {
			isa = XCRemoteSwiftPackageReference;
			repositoryURL = "https://github.com/Flipboard/FLAnimatedImage";
			requirement = {
				kind = upToNextMinorVersion;
				minimumVersion = 1.0.17;
			};
		};
/* End XCRemoteSwiftPackageReference section */

/* Begin XCSwiftPackageProductDependency section */
		1042906A2F0004EE003BB7B4 /* AppAuth */ = {
			isa = XCSwiftPackageProductDependency;
			package = 104290692F0004EE003BB7B4 /* XCRemoteSwiftPackageReference "AppAuth-iOS" */;
			productName = AppAuth;
		};
		1042906C2F0004EE003BB7B4 /* AppAuthCore */ = {
			isa = XCSwiftPackageProductDependency;
			package = 104290692F0004EE003BB7B4 /* XCRemoteSwiftPackageReference "AppAuth-iOS" */;
			productName = AppAuthCore;
		};
		1042906E2F0004EE003BB7B4 /* AppAuthTV */ = {
			isa = XCSwiftPackageProductDependency;
			package = 104290692F0004EE003BB7B4 /* XCRemoteSwiftPackageReference "AppAuth-iOS" */;
			productName = AppAuthTV;
		};
		104604CB2EBB1446004D0557 /* GoogleSignIn */ = {
			isa = XCSwiftPackageProductDependency;
			package = 104604CA2EBB1446004D0557 /* XCRemoteSwiftPackageReference "GoogleSignIn-iOS" */;
			productName = GoogleSignIn;
		};
		104604CD2EBB1446004D0557 /* GoogleSignInSwift */ = {
			isa = XCSwiftPackageProductDependency;
			package = 104604CA2EBB1446004D0557 /* XCRemoteSwiftPackageReference "GoogleSignIn-iOS" */;
			productName = GoogleSignInSwift;
		};
		10B43B752EF922970040610A /* SwiftLAME */ = {
			isa = XCSwiftPackageProductDependency;
			package = 10B43B742EF922970040610A /* XCRemoteSwiftPackageReference "SwiftLAME" */;
			productName = SwiftLAME;
		};
		9A6A3D612E8BC3FC00924422 /* SocketIO */ = {
			isa = XCSwiftPackageProductDependency;
			package = 9A6A3D602E8BC3FC00924422 /* XCRemoteSwiftPackageReference "socket" */;
			productName = SocketIO;
		};
		9A78A3132D8A7E4100F01E0D /* SDWebImageSwiftUI */ = {
			isa = XCSwiftPackageProductDependency;
			package = 9A78A3122D8A7E4100F01E0D /* XCRemoteSwiftPackageReference "SDWebImageSwiftUI" */;
			productName = SDWebImageSwiftUI;
		};
		9A87FD1B2E69B49600C02EEE /* WebRTC */ = {
			isa = XCSwiftPackageProductDependency;
			package = 9A87FD1A2E69B49600C02EEE /* XCRemoteSwiftPackageReference "WebRTC" */;
			productName = WebRTC;
		};
		9A9D0CE52DD30B6900A8C1B3 /* FocusEntity */ = {
			isa = XCSwiftPackageProductDependency;
			package = 9A9D0CE42DD30B6900A8C1B3 /* XCRemoteSwiftPackageReference "FocusEntity" */;
			productName = FocusEntity;
		};
		9AF2B1BB2D7D59A1003D366D /* FLAnimatedImage */ = {
			isa = XCSwiftPackageProductDependency;
			package = 9AF2B1BA2D7D59A1003D366D /* XCRemoteSwiftPackageReference "FLAnimatedImage" */;
			productName = FLAnimatedImage;
		};
/* End XCSwiftPackageProductDependency section */
	};
	rootObject = 9ADA720C2D6DD6D80044A7CF /* Project object */;
}
